// !$*UTF8*$!
{
	archiveVersion = 1;
	classes = {
	};
	objectVersion = 45;
	objects = {

/* Begin PBXBuildFile section */
		245EAF10134E62CD002F0596 /* sigly.h in Headers */ = {isa = PBXBuildFile; fileRef = 245EAF0F134E62CD002F0596 /* sigly.h */; settings = {ATTRIBUTES = (Public, ); }; };
		245EAF26134E6954002F0596 /* IOSPointer.cpp in Sources */ = {isa = PBXBuildFile; fileRef = 245EAF24134E6954002F0596 /* IOSPointer.cpp */; };
		245EAF27134E6954002F0596 /* IOSPointer.h in Headers */ = {isa = PBXBuildFile; fileRef = 245EAF25134E6954002F0596 /* IOSPointer.h */; settings = {ATTRIBUTES = (Private, ); }; };
		24CE4855134EC4E3000384A8 /* CursorButton.h in Headers */ = {isa = PBXBuildFile; fileRef = 24CE4854134EC4E2000384A8 /* CursorButton.h */; settings = {ATTRIBUTES = (Private, ); }; };
		511C4E7C13454AF800D555E2 /* AudioEngine.cpp in Sources */ = {isa = PBXBuildFile; fileRef = 511C4DF913454AF800D555E2 /* AudioEngine.cpp */; };
		511C4E7D13454AF800D555E2 /* AudioEngine.h in Headers */ = {isa = PBXBuildFile; fileRef = 511C4DFA13454AF800D555E2 /* AudioEngine.h */; settings = {ATTRIBUTES = (Private, ); }; };
		511C4E7E13454AF800D555E2 /* AudioState.h in Headers */ = {isa = PBXBuildFile; fileRef = 511C4DFB13454AF800D555E2 /* AudioState.h */; settings = {ATTRIBUTES = (Private, ); }; };
		511C4E7F13454AF800D555E2 /* BackgroundMusic.cpp in Sources */ = {isa = PBXBuildFile; fileRef = 511C4DFC13454AF800D555E2 /* BackgroundMusic.cpp */; };
		511C4E8013454AF800D555E2 /* BackgroundMusic.h in Headers */ = {isa = PBXBuildFile; fileRef = 511C4DFD13454AF800D555E2 /* BackgroundMusic.h */; settings = {ATTRIBUTES = (Private, ); }; };
		511C4E8113454AF800D555E2 /* MusicEngine.cpp in Sources */ = {isa = PBXBuildFile; fileRef = 511C4DFE13454AF800D555E2 /* MusicEngine.cpp */; };
		511C4E8213454AF800D555E2 /* MusicEngine.h in Headers */ = {isa = PBXBuildFile; fileRef = 511C4DFF13454AF800D555E2 /* MusicEngine.h */; settings = {ATTRIBUTES = (Private, ); }; };
		511C4E8313454AF800D555E2 /* MusicInfo.cpp in Sources */ = {isa = PBXBuildFile; fileRef = 511C4E0013454AF800D555E2 /* MusicInfo.cpp */; };
		511C4E8413454AF800D555E2 /* MusicInfo.h in Headers */ = {isa = PBXBuildFile; fileRef = 511C4E0113454AF800D555E2 /* MusicInfo.h */; settings = {ATTRIBUTES = (Private, ); }; };
		511C4E8513454AF800D555E2 /* RBAudioPlayerEngine.cpp in Sources */ = {isa = PBXBuildFile; fileRef = 511C4E0313454AF800D555E2 /* RBAudioPlayerEngine.cpp */; };
		511C4E8613454AF800D555E2 /* RBAudioPlayerEngine.h in Headers */ = {isa = PBXBuildFile; fileRef = 511C4E0413454AF800D555E2 /* RBAudioPlayerEngine.h */; settings = {ATTRIBUTES = (Private, ); }; };
		511C4E8713454AF800D555E2 /* RBAudioPlayerMusic.cpp in Sources */ = {isa = PBXBuildFile; fileRef = 511C4E0513454AF800D555E2 /* RBAudioPlayerMusic.cpp */; };
		511C4E8813454AF800D555E2 /* RBAudioPlayerMusic.h in Headers */ = {isa = PBXBuildFile; fileRef = 511C4E0613454AF800D555E2 /* RBAudioPlayerMusic.h */; settings = {ATTRIBUTES = (Private, ); }; };
		511C4E8913454AF800D555E2 /* RBAudioPlayerMusicDelegate.h in Headers */ = {isa = PBXBuildFile; fileRef = 511C4E0713454AF800D555E2 /* RBAudioPlayerMusicDelegate.h */; settings = {ATTRIBUTES = (Private, ); }; };
		511C4E8A13454AF800D555E2 /* RBAudioPlayerMusicDelegate.m in Sources */ = {isa = PBXBuildFile; fileRef = 511C4E0813454AF800D555E2 /* RBAudioPlayerMusicDelegate.m */; };
		511C4E8B13454AF800D555E2 /* MusicParameters.cpp in Sources */ = {isa = PBXBuildFile; fileRef = 511C4E0913454AF800D555E2 /* MusicParameters.cpp */; };
		511C4E8C13454AF800D555E2 /* MusicParameters.h in Headers */ = {isa = PBXBuildFile; fileRef = 511C4E0A13454AF800D555E2 /* MusicParameters.h */; settings = {ATTRIBUTES = (Private, ); }; };
		511C4E8D13454AF800D555E2 /* OpenALEngine.cpp in Sources */ = {isa = PBXBuildFile; fileRef = 511C4E0C13454AF800D555E2 /* OpenALEngine.cpp */; };
		511C4E8E13454AF800D555E2 /* OpenALEngine.h in Headers */ = {isa = PBXBuildFile; fileRef = 511C4E0D13454AF800D555E2 /* OpenALEngine.h */; settings = {ATTRIBUTES = (Private, ); }; };
		511C4E8F13454AF800D555E2 /* OpenALSoundFX.cpp in Sources */ = {isa = PBXBuildFile; fileRef = 511C4E0E13454AF800D555E2 /* OpenALSoundFX.cpp */; };
		511C4E9013454AF800D555E2 /* OpenALSoundFX.h in Headers */ = {isa = PBXBuildFile; fileRef = 511C4E0F13454AF800D555E2 /* OpenALSoundFX.h */; settings = {ATTRIBUTES = (Private, ); }; };
		511C4E9113454AF800D555E2 /* WavHeader.h in Headers */ = {isa = PBXBuildFile; fileRef = 511C4E1013454AF800D555E2 /* WavHeader.h */; settings = {ATTRIBUTES = (Private, ); }; };
		511C4E9213454AF800D555E2 /* Sound.cpp in Sources */ = {isa = PBXBuildFile; fileRef = 511C4E1113454AF800D555E2 /* Sound.cpp */; };
		511C4E9313454AF800D555E2 /* Sound.h in Headers */ = {isa = PBXBuildFile; fileRef = 511C4E1213454AF800D555E2 /* Sound.h */; settings = {ATTRIBUTES = (Private, ); }; };
		511C4E9413454AF800D555E2 /* SoundEngine.cpp in Sources */ = {isa = PBXBuildFile; fileRef = 511C4E1313454AF800D555E2 /* SoundEngine.cpp */; };
		511C4E9513454AF800D555E2 /* SoundEngine.h in Headers */ = {isa = PBXBuildFile; fileRef = 511C4E1413454AF800D555E2 /* SoundEngine.h */; settings = {ATTRIBUTES = (Private, ); }; };
		511C4E9613454AF800D555E2 /* SoundFX.cpp in Sources */ = {isa = PBXBuildFile; fileRef = 511C4E1513454AF800D555E2 /* SoundFX.cpp */; };
		511C4E9713454AF800D555E2 /* SoundFX.h in Headers */ = {isa = PBXBuildFile; fileRef = 511C4E1613454AF800D555E2 /* SoundFX.h */; settings = {ATTRIBUTES = (Private, ); }; };
		511C4E9813454AF800D555E2 /* SoundInfo.cpp in Sources */ = {isa = PBXBuildFile; fileRef = 511C4E1713454AF800D555E2 /* SoundInfo.cpp */; };
		511C4E9913454AF800D555E2 /* SoundInfo.h in Headers */ = {isa = PBXBuildFile; fileRef = 511C4E1813454AF800D555E2 /* SoundInfo.h */; settings = {ATTRIBUTES = (Private, ); }; };
		511C4E9A13454AF800D555E2 /* SoundParameters.cpp in Sources */ = {isa = PBXBuildFile; fileRef = 511C4E1913454AF800D555E2 /* SoundParameters.cpp */; };
		511C4E9B13454AF800D555E2 /* SoundParameters.h in Headers */ = {isa = PBXBuildFile; fileRef = 511C4E1A13454AF800D555E2 /* SoundParameters.h */; settings = {ATTRIBUTES = (Private, ); }; };
		511C4E9C13454AF800D555E2 /* Debug.h in Headers */ = {isa = PBXBuildFile; fileRef = 511C4E1B13454AF800D555E2 /* Debug.h */; settings = {ATTRIBUTES = (Private, ); }; };
		511C4E9D13454AF800D555E2 /* AnimationParameters.cpp in Sources */ = {isa = PBXBuildFile; fileRef = 511C4E1D13454AF800D555E2 /* AnimationParameters.cpp */; };
		511C4E9E13454AF800D555E2 /* AnimationParameters.h in Headers */ = {isa = PBXBuildFile; fileRef = 511C4E1E13454AF800D555E2 /* AnimationParameters.h */; settings = {ATTRIBUTES = (Private, ); }; };
		511C4E9F13454AF800D555E2 /* Camera.cpp in Sources */ = {isa = PBXBuildFile; fileRef = 511C4E1F13454AF800D555E2 /* Camera.cpp */; };
		511C4EA013454AF800D555E2 /* Camera.h in Headers */ = {isa = PBXBuildFile; fileRef = 511C4E2013454AF800D555E2 /* Camera.h */; settings = {ATTRIBUTES = (Private, ); }; };
		511C4EA113454AF800D555E2 /* ColorFormat.h in Headers */ = {isa = PBXBuildFile; fileRef = 511C4E2113454AF800D555E2 /* ColorFormat.h */; settings = {ATTRIBUTES = (Private, ); }; };
		511C4EA213454AF800D555E2 /* GraphicDriver.cpp in Sources */ = {isa = PBXBuildFile; fileRef = 511C4E2313454AF800D555E2 /* GraphicDriver.cpp */; };
		511C4EA313454AF800D555E2 /* GraphicDriver.h in Headers */ = {isa = PBXBuildFile; fileRef = 511C4E2413454AF800D555E2 /* GraphicDriver.h */; settings = {ATTRIBUTES = (Private, ); }; };
		511C4EA413454AF800D555E2 /* OpenGLDriver.cpp in Sources */ = {isa = PBXBuildFile; fileRef = 511C4E2513454AF800D555E2 /* OpenGLDriver.cpp */; };
		511C4EA513454AF800D555E2 /* OpenGLDriver.h in Headers */ = {isa = PBXBuildFile; fileRef = 511C4E2613454AF800D555E2 /* OpenGLDriver.h */; settings = {ATTRIBUTES = (Private, ); }; };
		511C4EA613454AF800D555E2 /* PixMap.cpp in Sources */ = {isa = PBXBuildFile; fileRef = 511C4E2713454AF800D555E2 /* PixMap.cpp */; };
		511C4EA713454AF800D555E2 /* PixMap.h in Headers */ = {isa = PBXBuildFile; fileRef = 511C4E2813454AF800D555E2 /* PixMap.h */; settings = {ATTRIBUTES = (Private, ); }; };
		511C4EA813454AF800D555E2 /* Renderable.cpp in Sources */ = {isa = PBXBuildFile; fileRef = 511C4E2913454AF800D555E2 /* Renderable.cpp */; };
		511C4EA913454AF800D555E2 /* Renderable.h in Headers */ = {isa = PBXBuildFile; fileRef = 511C4E2A13454AF800D555E2 /* Renderable.h */; settings = {ATTRIBUTES = (Private, ); }; };
		511C4EAA13454AF800D555E2 /* RenderInfo.cpp in Sources */ = {isa = PBXBuildFile; fileRef = 511C4E2B13454AF800D555E2 /* RenderInfo.cpp */; };
		511C4EAB13454AF800D555E2 /* RenderInfo.h in Headers */ = {isa = PBXBuildFile; fileRef = 511C4E2C13454AF800D555E2 /* RenderInfo.h */; settings = {ATTRIBUTES = (Private, ); }; };
		511C4EAC13454AF800D555E2 /* RenderStep.cpp in Sources */ = {isa = PBXBuildFile; fileRef = 511C4E2D13454AF800D555E2 /* RenderStep.cpp */; };
		511C4EAD13454AF800D555E2 /* RenderStep.h in Headers */ = {isa = PBXBuildFile; fileRef = 511C4E2E13454AF800D555E2 /* RenderStep.h */; settings = {ATTRIBUTES = (Private, ); }; };
		511C4EAE13454AF800D555E2 /* RenderStepMode.h in Headers */ = {isa = PBXBuildFile; fileRef = 511C4E2F13454AF800D555E2 /* RenderStepMode.h */; settings = {ATTRIBUTES = (Private, ); }; };
		511C4EAF13454AF800D555E2 /* Sprite.cpp in Sources */ = {isa = PBXBuildFile; fileRef = 511C4E3013454AF800D555E2 /* Sprite.cpp */; };
		511C4EB013454AF800D555E2 /* Sprite.h in Headers */ = {isa = PBXBuildFile; fileRef = 511C4E3113454AF800D555E2 /* Sprite.h */; settings = {ATTRIBUTES = (Private, ); }; };
		511C4EB113454AF800D555E2 /* Font.cpp in Sources */ = {isa = PBXBuildFile; fileRef = 511C4E3313454AF800D555E2 /* Font.cpp */; };
		511C4EB213454AF800D555E2 /* Font.h in Headers */ = {isa = PBXBuildFile; fileRef = 511C4E3413454AF800D555E2 /* Font.h */; settings = {ATTRIBUTES = (Private, ); }; };
		511C4EB313454AF800D555E2 /* FontImplementation.cpp in Sources */ = {isa = PBXBuildFile; fileRef = 511C4E3513454AF800D555E2 /* FontImplementation.cpp */; };
		511C4EB413454AF800D555E2 /* FontImplementation.h in Headers */ = {isa = PBXBuildFile; fileRef = 511C4E3613454AF800D555E2 /* FontImplementation.h */; settings = {ATTRIBUTES = (Private, ); }; };
		511C4EB513454AF800D555E2 /* Glyph.cpp in Sources */ = {isa = PBXBuildFile; fileRef = 511C4E3713454AF800D555E2 /* Glyph.cpp */; };
		511C4EB613454AF800D555E2 /* Glyph.h in Headers */ = {isa = PBXBuildFile; fileRef = 511C4E3813454AF800D555E2 /* Glyph.h */; settings = {ATTRIBUTES = (Private, ); }; };
		511C4EB713454AF800D555E2 /* GraphicString.cpp in Sources */ = {isa = PBXBuildFile; fileRef = 511C4E3913454AF800D555E2 /* GraphicString.cpp */; };
		511C4EB813454AF800D555E2 /* GraphicString.h in Headers */ = {isa = PBXBuildFile; fileRef = 511C4E3A13454AF800D555E2 /* GraphicString.h */; settings = {ATTRIBUTES = (Private, ); }; };
		511C4EB913454AF800D555E2 /* StringFX.cpp in Sources */ = {isa = PBXBuildFile; fileRef = 511C4E3B13454AF800D555E2 /* StringFX.cpp */; };
		511C4EBA13454AF800D555E2 /* StringFX.h in Headers */ = {isa = PBXBuildFile; fileRef = 511C4E3C13454AF800D555E2 /* StringFX.h */; settings = {ATTRIBUTES = (Private, ); }; };
		511C4EBB13454AF800D555E2 /* TextureInfo.cpp in Sources */ = {isa = PBXBuildFile; fileRef = 511C4E3D13454AF800D555E2 /* TextureInfo.cpp */; };
		511C4EBC13454AF800D555E2 /* TextureInfo.h in Headers */ = {isa = PBXBuildFile; fileRef = 511C4E3E13454AF800D555E2 /* TextureInfo.h */; settings = {ATTRIBUTES = (Private, ); }; };
		511C4EBD13454AF800D555E2 /* Emitter.cpp in Sources */ = {isa = PBXBuildFile; fileRef = 511C4E4013454AF800D555E2 /* Emitter.cpp */; };
		511C4EBE13454AF800D555E2 /* Emitter.h in Headers */ = {isa = PBXBuildFile; fileRef = 511C4E4113454AF800D555E2 /* Emitter.h */; settings = {ATTRIBUTES = (Private, ); }; };
		511C4EBF13454AF800D555E2 /* IEmitter.cpp in Sources */ = {isa = PBXBuildFile; fileRef = 511C4E4213454AF800D555E2 /* IEmitter.cpp */; };
		511C4EC013454AF800D555E2 /* IEmitter.h in Headers */ = {isa = PBXBuildFile; fileRef = 511C4E4313454AF800D555E2 /* IEmitter.h */; settings = {ATTRIBUTES = (Private, ); }; };
		511C4EC113454AF800D555E2 /* ParticlePhase.cpp in Sources */ = {isa = PBXBuildFile; fileRef = 511C4E4413454AF800D555E2 /* ParticlePhase.cpp */; };
		511C4EC213454AF800D555E2 /* ParticlePhase.h in Headers */ = {isa = PBXBuildFile; fileRef = 511C4E4513454AF800D555E2 /* ParticlePhase.h */; settings = {ATTRIBUTES = (Private, ); }; };
		511C4EC313454AF800D555E2 /* ParticleState.h in Headers */ = {isa = PBXBuildFile; fileRef = 511C4E4613454AF800D555E2 /* ParticleState.h */; settings = {ATTRIBUTES = (Private, ); }; };
		511C4EC413454AF800D555E2 /* SpriteEmitter.cpp in Sources */ = {isa = PBXBuildFile; fileRef = 511C4E4713454AF800D555E2 /* SpriteEmitter.cpp */; };
		511C4EC513454AF800D555E2 /* SpriteEmitter.h in Headers */ = {isa = PBXBuildFile; fileRef = 511C4E4813454AF800D555E2 /* SpriteEmitter.h */; settings = {ATTRIBUTES = (Private, ); }; };
		511C4EC613454AF800D555E2 /* Factory.h in Headers */ = {isa = PBXBuildFile; fileRef = 511C4E4913454AF800D555E2 /* Factory.h */; settings = {ATTRIBUTES = (Private, ); }; };
		511C4EC713454AF800D555E2 /* BitHelper.cpp in Sources */ = {isa = PBXBuildFile; fileRef = 511C4E4B13454AF800D555E2 /* BitHelper.cpp */; };
		511C4EC813454AF800D555E2 /* BitHelper.h in Headers */ = {isa = PBXBuildFile; fileRef = 511C4E4C13454AF800D555E2 /* BitHelper.h */; settings = {ATTRIBUTES = (Private, ); }; };
		511C4EC913454AF800D555E2 /* MathHelper.cpp in Sources */ = {isa = PBXBuildFile; fileRef = 511C4E4D13454AF800D555E2 /* MathHelper.cpp */; };
		511C4ECA13454AF800D555E2 /* MathHelper.h in Headers */ = {isa = PBXBuildFile; fileRef = 511C4E4E13454AF800D555E2 /* MathHelper.h */; settings = {ATTRIBUTES = (Private, ); }; };
		511C4ECB13454AF800D555E2 /* Parser.cpp in Sources */ = {isa = PBXBuildFile; fileRef = 511C4E4F13454AF800D555E2 /* Parser.cpp */; };
		511C4ECC13454AF800D555E2 /* Parser.h in Headers */ = {isa = PBXBuildFile; fileRef = 511C4E5013454AF800D555E2 /* Parser.h */; settings = {ATTRIBUTES = (Private, ); }; };
		511C4ECD13454AF800D555E2 /* Random.cpp in Sources */ = {isa = PBXBuildFile; fileRef = 511C4E5113454AF800D555E2 /* Random.cpp */; };
		511C4ECE13454AF800D555E2 /* Random.h in Headers */ = {isa = PBXBuildFile; fileRef = 511C4E5213454AF800D555E2 /* Random.h */; settings = {ATTRIBUTES = (Private, ); }; };
		511C4ECF13454AF800D555E2 /* ResourcePathHandler.cpp in Sources */ = {isa = PBXBuildFile; fileRef = 511C4E5313454AF800D555E2 /* ResourcePathHandler.cpp */; };
		511C4ED013454AF800D555E2 /* ResourcePathHandler.h in Headers */ = {isa = PBXBuildFile; fileRef = 511C4E5413454AF800D555E2 /* ResourcePathHandler.h */; settings = {ATTRIBUTES = (Private, ); }; };
		511C4ED113454AF800D555E2 /* SpriteFactory.cpp in Sources */ = {isa = PBXBuildFile; fileRef = 511C4E5513454AF800D555E2 /* SpriteFactory.cpp */; };
		511C4ED213454AF800D555E2 /* SpriteFactory.h in Headers */ = {isa = PBXBuildFile; fileRef = 511C4E5613454AF800D555E2 /* SpriteFactory.h */; settings = {ATTRIBUTES = (Private, ); }; };
		511C4ED313454AF800D555E2 /* StringHelper.cpp in Sources */ = {isa = PBXBuildFile; fileRef = 511C4E5713454AF800D555E2 /* StringHelper.cpp */; };
		511C4ED413454AF800D555E2 /* StringHelper.h in Headers */ = {isa = PBXBuildFile; fileRef = 511C4E5813454AF800D555E2 /* StringHelper.h */; settings = {ATTRIBUTES = (Private, ); }; };
		511C4ED513454AF800D555E2 /* TimeHelper.cpp in Sources */ = {isa = PBXBuildFile; fileRef = 511C4E5913454AF800D555E2 /* TimeHelper.cpp */; };
		511C4ED613454AF800D555E2 /* TimeHelper.h in Headers */ = {isa = PBXBuildFile; fileRef = 511C4E5A13454AF800D555E2 /* TimeHelper.h */; settings = {ATTRIBUTES = (Private, ); }; };
		511C4ED713454AF800D555E2 /* UTFConvert.cpp in Sources */ = {isa = PBXBuildFile; fileRef = 511C4E5B13454AF800D555E2 /* UTFConvert.cpp */; };
		511C4ED813454AF800D555E2 /* UTFConvert.h in Headers */ = {isa = PBXBuildFile; fileRef = 511C4E5C13454AF800D555E2 /* UTFConvert.h */; settings = {ATTRIBUTES = (Private, ); }; };
		511C4EDD13454AF800D555E2 /* Edge.cpp in Sources */ = {isa = PBXBuildFile; fileRef = 511C4E6513454AF800D555E2 /* Edge.cpp */; };
		511C4EDE13454AF800D555E2 /* Edge.h in Headers */ = {isa = PBXBuildFile; fileRef = 511C4E6613454AF800D555E2 /* Edge.h */; settings = {ATTRIBUTES = (Private, ); }; };
		511C4EDF13454AF800D555E2 /* GraphicBody.cpp in Sources */ = {isa = PBXBuildFile; fileRef = 511C4E6713454AF800D555E2 /* GraphicBody.cpp */; };
		511C4EE013454AF800D555E2 /* GraphicBody.h in Headers */ = {isa = PBXBuildFile; fileRef = 511C4E6813454AF800D555E2 /* GraphicBody.h */; settings = {ATTRIBUTES = (Private, ); }; };
		511C4EE113454AF800D555E2 /* Link.cpp in Sources */ = {isa = PBXBuildFile; fileRef = 511C4E6913454AF800D555E2 /* Link.cpp */; };
		511C4EE213454AF800D555E2 /* Link.h in Headers */ = {isa = PBXBuildFile; fileRef = 511C4E6A13454AF800D555E2 /* Link.h */; settings = {ATTRIBUTES = (Private, ); }; };
		511C4EE313454AF800D555E2 /* LinkData.cpp in Sources */ = {isa = PBXBuildFile; fileRef = 511C4E6B13454AF800D555E2 /* LinkData.cpp */; };
		511C4EE413454AF800D555E2 /* LinkData.h in Headers */ = {isa = PBXBuildFile; fileRef = 511C4E6C13454AF800D555E2 /* LinkData.h */; settings = {ATTRIBUTES = (Private, ); }; };
		511C4EE513454AF800D555E2 /* RBString32.h in Headers */ = {isa = PBXBuildFile; fileRef = 511C4E6D13454AF800D555E2 /* RBString32.h */; settings = {ATTRIBUTES = (Private, ); }; };
		511C4EE613454AF800D555E2 /* PlatformFlagger.h in Headers */ = {isa = PBXBuildFile; fileRef = 511C4E6E13454AF800D555E2 /* PlatformFlagger.h */; settings = {ATTRIBUTES = (Private, ); }; };
		511C4EE713454AF800D555E2 /* RedBoxEngine.cpp in Sources */ = {isa = PBXBuildFile; fileRef = 511C4E6F13454AF800D555E2 /* RedBoxEngine.cpp */; };
		511C4EE813454AF800D555E2 /* RedBoxEngine.h in Headers */ = {isa = PBXBuildFile; fileRef = 511C4E7013454AF800D555E2 /* RedBoxEngine.h */; settings = {ATTRIBUTES = (Private, ); }; };
		511C4EE913454AF800D555E2 /* ResourceManager.cpp in Sources */ = {isa = PBXBuildFile; fileRef = 511C4E7113454AF800D555E2 /* ResourceManager.cpp */; };
		511C4EEA13454AF800D555E2 /* ResourceManager.h in Headers */ = {isa = PBXBuildFile; fileRef = 511C4E7213454AF800D555E2 /* ResourceManager.h */; settings = {ATTRIBUTES = (Private, ); }; };
		511C4EEB13454AF800D555E2 /* State.cpp in Sources */ = {isa = PBXBuildFile; fileRef = 511C4E7313454AF800D555E2 /* State.cpp */; };
		511C4EEC13454AF800D555E2 /* State.h in Headers */ = {isa = PBXBuildFile; fileRef = 511C4E7413454AF800D555E2 /* State.h */; settings = {ATTRIBUTES = (Private, ); }; };
		511C4EED13454AF800D555E2 /* Vec2.cpp in Sources */ = {isa = PBXBuildFile; fileRef = 511C4E7513454AF800D555E2 /* Vec2.cpp */; };
		511C4EEE13454AF800D555E2 /* Vec2.h in Headers */ = {isa = PBXBuildFile; fileRef = 511C4E7613454AF800D555E2 /* Vec2.h */; settings = {ATTRIBUTES = (Private, ); }; };
		511C4EEF13454AF800D555E2 /* Vertex.cpp in Sources */ = {isa = PBXBuildFile; fileRef = 511C4E7713454AF800D555E2 /* Vertex.cpp */; };
		511C4EF013454AF800D555E2 /* Vertex.h in Headers */ = {isa = PBXBuildFile; fileRef = 511C4E7813454AF800D555E2 /* Vertex.h */; settings = {ATTRIBUTES = (Private, ); }; };
		511C4EF113454AF800D555E2 /* VerticesGroup.cpp in Sources */ = {isa = PBXBuildFile; fileRef = 511C4E7913454AF800D555E2 /* VerticesGroup.cpp */; };
		511C4EF213454AF800D555E2 /* VerticesGroup.h in Headers */ = {isa = PBXBuildFile; fileRef = 511C4E7A13454AF800D555E2 /* VerticesGroup.h */; settings = {ATTRIBUTES = (Private, ); }; };
		511C4EF313454AF800D555E2 /* RedBox.h in Headers */ = {isa = PBXBuildFile; fileRef = 511C4E7B13454AF800D555E2 /* RedBox.h */; settings = {ATTRIBUTES = (Public, ); }; };
		51927C0111D5EA2F00C65B15 /* AudioToolbox.framework in Frameworks */ = {isa = PBXBuildFile; fileRef = 51A9351410E8934500D144F4 /* AudioToolbox.framework */; };
		51927C0711D5EA3E00C65B15 /* AVFoundation.framework in Frameworks */ = {isa = PBXBuildFile; fileRef = 5102AA7A10F547D300585718 /* AVFoundation.framework */; };
		51927C0811D5EA4200C65B15 /* libz.dylib in Frameworks */ = {isa = PBXBuildFile; fileRef = 512D586C109B6D45009D504E /* libz.dylib */; };
		51927C0B11D5EA4D00C65B15 /* CoreGraphics.framework in Frameworks */ = {isa = PBXBuildFile; fileRef = 517BDCDD11B04CA80095F001 /* CoreGraphics.framework */; };
		51927C0C11D5EA4E00C65B15 /* Foundation.framework in Frameworks */ = {isa = PBXBuildFile; fileRef = 1D30AB110D05D00D00671497 /* Foundation.framework */; };
		51927C0D11D5EA4F00C65B15 /* OpenAL.framework in Frameworks */ = {isa = PBXBuildFile; fileRef = 517D7C3210F87AB10022BBF2 /* OpenAL.framework */; };
		51927C0E11D5EA5000C65B15 /* OpenGLES.framework in Frameworks */ = {isa = PBXBuildFile; fileRef = 28FD14FF0DC6FC520079059D /* OpenGLES.framework */; };
		51927C0F11D5EA5000C65B15 /* QuartzCore.framework in Frameworks */ = {isa = PBXBuildFile; fileRef = 28FD15070DC6FC5B0079059D /* QuartzCore.framework */; };
		51927C1011D5EA5100C65B15 /* UIKit.framework in Frameworks */ = {isa = PBXBuildFile; fileRef = 1DF5F4DF0D08C38300B7A737 /* UIKit.framework */; };
		51BB79DD134B7CF600051A7D /* Accelerometer.cpp in Sources */ = {isa = PBXBuildFile; fileRef = 51BB79AB134B7CF500051A7D /* Accelerometer.cpp */; };
		51BB79DE134B7CF600051A7D /* Accelerometer.h in Headers */ = {isa = PBXBuildFile; fileRef = 51BB79AC134B7CF500051A7D /* Accelerometer.h */; settings = {ATTRIBUTES = (Private, ); }; };
		51BB79DF134B7CF600051A7D /* AccelerometerSignalData.cpp in Sources */ = {isa = PBXBuildFile; fileRef = 51BB79AD134B7CF500051A7D /* AccelerometerSignalData.cpp */; };
		51BB79E0134B7CF600051A7D /* AccelerometerSignalData.h in Headers */ = {isa = PBXBuildFile; fileRef = 51BB79AE134B7CF500051A7D /* AccelerometerSignalData.h */; settings = {ATTRIBUTES = (Private, ); }; };
		51BB79E1134B7CF600051A7D /* AccelerometerState.cpp in Sources */ = {isa = PBXBuildFile; fileRef = 51BB79AF134B7CF500051A7D /* AccelerometerState.cpp */; };
		51BB79E2134B7CF600051A7D /* AccelerometerState.h in Headers */ = {isa = PBXBuildFile; fileRef = 51BB79B0134B7CF500051A7D /* AccelerometerState.h */; settings = {ATTRIBUTES = (Private, ); }; };
		51BB79E3134B7CF600051A7D /* GamePad.cpp in Sources */ = {isa = PBXBuildFile; fileRef = 51BB79B2134B7CF500051A7D /* GamePad.cpp */; };
		51BB79E4134B7CF600051A7D /* GamePad.h in Headers */ = {isa = PBXBuildFile; fileRef = 51BB79B3134B7CF500051A7D /* GamePad.h */; settings = {ATTRIBUTES = (Private, ); }; };
		51BB79E5134B7CF600051A7D /* GamePadButtonSignalData.cpp in Sources */ = {isa = PBXBuildFile; fileRef = 51BB79B4134B7CF500051A7D /* GamePadButtonSignalData.cpp */; };
		51BB79E6134B7CF600051A7D /* GamePadButtonSignalData.h in Headers */ = {isa = PBXBuildFile; fileRef = 51BB79B5134B7CF500051A7D /* GamePadButtonSignalData.h */; settings = {ATTRIBUTES = (Private, ); }; };
		51BB79E7134B7CF600051A7D /* GamePadSignalData.cpp in Sources */ = {isa = PBXBuildFile; fileRef = 51BB79B6134B7CF500051A7D /* GamePadSignalData.cpp */; };
		51BB79E8134B7CF600051A7D /* GamePadSignalData.h in Headers */ = {isa = PBXBuildFile; fileRef = 51BB79B7134B7CF500051A7D /* GamePadSignalData.h */; settings = {ATTRIBUTES = (Private, ); }; };
		51BB79E9134B7CF600051A7D /* GamePadState.cpp in Sources */ = {isa = PBXBuildFile; fileRef = 51BB79B8134B7CF500051A7D /* GamePadState.cpp */; };
		51BB79EA134B7CF600051A7D /* GamePadState.h in Headers */ = {isa = PBXBuildFile; fileRef = 51BB79B9134B7CF500051A7D /* GamePadState.h */; settings = {ATTRIBUTES = (Private, ); }; };
		51BB79EB134B7CF600051A7D /* GamePadThumbstickSignalData.cpp in Sources */ = {isa = PBXBuildFile; fileRef = 51BB79BA134B7CF500051A7D /* GamePadThumbstickSignalData.cpp */; };
		51BB79EC134B7CF600051A7D /* GamePadThumbstickSignalData.h in Headers */ = {isa = PBXBuildFile; fileRef = 51BB79BB134B7CF500051A7D /* GamePadThumbstickSignalData.h */; settings = {ATTRIBUTES = (Private, ); }; };
		51BB79ED134B7CF600051A7D /* InputDevice.cpp in Sources */ = {isa = PBXBuildFile; fileRef = 51BB79BC134B7CF500051A7D /* InputDevice.cpp */; };
		51BB79EE134B7CF600051A7D /* InputDevice.h in Headers */ = {isa = PBXBuildFile; fileRef = 51BB79BD134B7CF500051A7D /* InputDevice.h */; settings = {ATTRIBUTES = (Private, ); }; };
		51BB79EF134B7CF600051A7D /* InputManager.cpp in Sources */ = {isa = PBXBuildFile; fileRef = 51BB79BE134B7CF500051A7D /* InputManager.cpp */; };
		51BB79F0134B7CF600051A7D /* InputManager.h in Headers */ = {isa = PBXBuildFile; fileRef = 51BB79BF134B7CF500051A7D /* InputManager.h */; settings = {ATTRIBUTES = (Private, ); }; };
		51BB79F1134B7CF600051A7D /* InputSignalData.cpp in Sources */ = {isa = PBXBuildFile; fileRef = 51BB79C0134B7CF500051A7D /* InputSignalData.cpp */; };
		51BB79F2134B7CF600051A7D /* InputSignalData.h in Headers */ = {isa = PBXBuildFile; fileRef = 51BB79C1134B7CF500051A7D /* InputSignalData.h */; settings = {ATTRIBUTES = (Private, ); }; };
		51BB79F3134B7CF600051A7D /* InputState.cpp in Sources */ = {isa = PBXBuildFile; fileRef = 51BB79C2134B7CF500051A7D /* InputState.cpp */; };
		51BB79F4134B7CF600051A7D /* InputState.h in Headers */ = {isa = PBXBuildFile; fileRef = 51BB79C3134B7CF500051A7D /* InputState.h */; settings = {ATTRIBUTES = (Private, ); }; };
		51BB79F5134B7CF600051A7D /* Key.h in Headers */ = {isa = PBXBuildFile; fileRef = 51BB79C5134B7CF500051A7D /* Key.h */; settings = {ATTRIBUTES = (Private, ); }; };
		51BB79F6134B7CF600051A7D /* Keyboard.cpp in Sources */ = {isa = PBXBuildFile; fileRef = 51BB79C6134B7CF500051A7D /* Keyboard.cpp */; };
		51BB79F7134B7CF600051A7D /* Keyboard.h in Headers */ = {isa = PBXBuildFile; fileRef = 51BB79C7134B7CF500051A7D /* Keyboard.h */; settings = {ATTRIBUTES = (Private, ); }; };
		51BB79F8134B7CF600051A7D /* KeyboardSignalData.cpp in Sources */ = {isa = PBXBuildFile; fileRef = 51BB79C8134B7CF500051A7D /* KeyboardSignalData.cpp */; };
		51BB79F9134B7CF600051A7D /* KeyboardSignalData.h in Headers */ = {isa = PBXBuildFile; fileRef = 51BB79C9134B7CF500051A7D /* KeyboardSignalData.h */; settings = {ATTRIBUTES = (Private, ); }; };
		51BB79FA134B7CF600051A7D /* KeyboardState.cpp in Sources */ = {isa = PBXBuildFile; fileRef = 51BB79CA134B7CF500051A7D /* KeyboardState.cpp */; };
		51BB79FB134B7CF600051A7D /* KeyboardState.h in Headers */ = {isa = PBXBuildFile; fileRef = 51BB79CB134B7CF500051A7D /* KeyboardState.h */; settings = {ATTRIBUTES = (Private, ); }; };
		51BB79FC134B7CF600051A7D /* KeyMaskSignalData.cpp in Sources */ = {isa = PBXBuildFile; fileRef = 51BB79CC134B7CF500051A7D /* KeyMaskSignalData.cpp */; };
		51BB79FD134B7CF600051A7D /* KeyMaskSignalData.h in Headers */ = {isa = PBXBuildFile; fileRef = 51BB79CD134B7CF500051A7D /* KeyMaskSignalData.h */; settings = {ATTRIBUTES = (Private, ); }; };
		51BB79FE134B7CF600051A7D /* KeySignalData.cpp in Sources */ = {isa = PBXBuildFile; fileRef = 51BB79CE134B7CF500051A7D /* KeySignalData.cpp */; };
		51BB79FF134B7CF600051A7D /* KeySignalData.h in Headers */ = {isa = PBXBuildFile; fileRef = 51BB79CF134B7CF500051A7D /* KeySignalData.h */; settings = {ATTRIBUTES = (Private, ); }; };
		51BB7A00134B7CF600051A7D /* CursorState.cpp in Sources */ = {isa = PBXBuildFile; fileRef = 51BB79D1134B7CF500051A7D /* CursorState.cpp */; };
		51BB7A01134B7CF600051A7D /* CursorState.h in Headers */ = {isa = PBXBuildFile; fileRef = 51BB79D2134B7CF500051A7D /* CursorState.h */; settings = {ATTRIBUTES = (Private, ); }; };
		51BB7A02134B7CF600051A7D /* Pointer.cpp in Sources */ = {isa = PBXBuildFile; fileRef = 51BB79D3134B7CF500051A7D /* Pointer.cpp */; };
		51BB7A03134B7CF600051A7D /* Pointer.h in Headers */ = {isa = PBXBuildFile; fileRef = 51BB79D4134B7CF500051A7D /* Pointer.h */; settings = {ATTRIBUTES = (Private, ); }; };
		51BB7A04134B7CF600051A7D /* PointerButtonSignalData.cpp in Sources */ = {isa = PBXBuildFile; fileRef = 51BB79D5134B7CF500051A7D /* PointerButtonSignalData.cpp */; };
		51BB7A05134B7CF600051A7D /* PointerButtonSignalData.h in Headers */ = {isa = PBXBuildFile; fileRef = 51BB79D6134B7CF500051A7D /* PointerButtonSignalData.h */; settings = {ATTRIBUTES = (Private, ); }; };
		51BB7A06134B7CF600051A7D /* PointerMoveSignalData.cpp in Sources */ = {isa = PBXBuildFile; fileRef = 51BB79D7134B7CF500051A7D /* PointerMoveSignalData.cpp */; };
		51BB7A07134B7CF600051A7D /* PointerMoveSignalData.h in Headers */ = {isa = PBXBuildFile; fileRef = 51BB79D8134B7CF600051A7D /* PointerMoveSignalData.h */; settings = {ATTRIBUTES = (Private, ); }; };
		51BB7A08134B7CF600051A7D /* PointerSignalData.cpp in Sources */ = {isa = PBXBuildFile; fileRef = 51BB79D9134B7CF600051A7D /* PointerSignalData.cpp */; };
		51BB7A09134B7CF600051A7D /* PointerSignalData.h in Headers */ = {isa = PBXBuildFile; fileRef = 51BB79DA134B7CF600051A7D /* PointerSignalData.h */; settings = {ATTRIBUTES = (Private, ); }; };
		51BB7A0A134B7CF600051A7D /* PointerState.cpp in Sources */ = {isa = PBXBuildFile; fileRef = 51BB79DB134B7CF600051A7D /* PointerState.cpp */; };
		51BB7A0B134B7CF600051A7D /* PointerState.h in Headers */ = {isa = PBXBuildFile; fileRef = 51BB79DC134B7CF600051A7D /* PointerState.h */; settings = {ATTRIBUTES = (Private, ); }; };
		51BB7A13134B7CFE00051A7D /* SignalAnalyzer.cpp in Sources */ = {isa = PBXBuildFile; fileRef = 51BB7A0D134B7CFE00051A7D /* SignalAnalyzer.cpp */; };
		51BB7A14134B7CFE00051A7D /* SignalAnalyzer.h in Headers */ = {isa = PBXBuildFile; fileRef = 51BB7A0E134B7CFE00051A7D /* SignalAnalyzer.h */; settings = {ATTRIBUTES = (Private, ); }; };
		51BB7A15134B7CFE00051A7D /* SignalAnalyzerManager.cpp in Sources */ = {isa = PBXBuildFile; fileRef = 51BB7A0F134B7CFE00051A7D /* SignalAnalyzerManager.cpp */; };
		51BB7A16134B7CFE00051A7D /* SignalAnalyzerManager.h in Headers */ = {isa = PBXBuildFile; fileRef = 51BB7A10134B7CFE00051A7D /* SignalAnalyzerManager.h */; settings = {ATTRIBUTES = (Private, ); }; };
		51BB7A17134B7CFE00051A7D /* SignalData.cpp in Sources */ = {isa = PBXBuildFile; fileRef = 51BB7A11134B7CFE00051A7D /* SignalData.cpp */; };
		51BB7A18134B7CFE00051A7D /* SignalData.h in Headers */ = {isa = PBXBuildFile; fileRef = 51BB7A12134B7CFE00051A7D /* SignalData.h */; settings = {ATTRIBUTES = (Private, ); }; };
		7EF711F1132D35C100524FBB /* libfreetype.a in Frameworks */ = {isa = PBXBuildFile; fileRef = 7EF711ED132D35C100524FBB /* libfreetype.a */; };
		7EF711F2132D35C100524FBB /* libpng.a in Frameworks */ = {isa = PBXBuildFile; fileRef = 7EF711EE132D35C100524FBB /* libpng.a */; };
		7EF711F4132D35C100524FBB /* libvorbisidec.a in Frameworks */ = {isa = PBXBuildFile; fileRef = 7EF711F0132D35C100524FBB /* libvorbisidec.a */; };
/* End PBXBuildFile section */

/* Begin PBXFileReference section */
		1D30AB110D05D00D00671497 /* Foundation.framework */ = {isa = PBXFileReference; lastKnownFileType = wrapper.framework; name = Foundation.framework; path = System/Library/Frameworks/Foundation.framework; sourceTree = SDKROOT; };
		1DF5F4DF0D08C38300B7A737 /* UIKit.framework */ = {isa = PBXFileReference; lastKnownFileType = wrapper.framework; name = UIKit.framework; path = System/Library/Frameworks/UIKit.framework; sourceTree = SDKROOT; };
		245EAF0F134E62CD002F0596 /* sigly.h */ = {isa = PBXFileReference; fileEncoding = 4; lastKnownFileType = sourcecode.c.h; name = sigly.h; path = ../../libraries/ios/universal/include/sigly.h; sourceTree = "<group>"; };
		245EAF24134E6954002F0596 /* IOSPointer.cpp */ = {isa = PBXFileReference; fileEncoding = 4; lastKnownFileType = sourcecode.cpp.cpp; path = IOSPointer.cpp; sourceTree = "<group>"; };
		245EAF25134E6954002F0596 /* IOSPointer.h */ = {isa = PBXFileReference; fileEncoding = 4; lastKnownFileType = sourcecode.c.h; path = IOSPointer.h; sourceTree = "<group>"; };
		24CE4854134EC4E2000384A8 /* CursorButton.h */ = {isa = PBXFileReference; fileEncoding = 4; lastKnownFileType = sourcecode.c.h; name = CursorButton.h; path = ../../../RedBox/Input/Pointer/CursorButton.h; sourceTree = "<group>"; };
		28FD14FF0DC6FC520079059D /* OpenGLES.framework */ = {isa = PBXFileReference; lastKnownFileType = wrapper.framework; name = OpenGLES.framework; path = System/Library/Frameworks/OpenGLES.framework; sourceTree = SDKROOT; };
		28FD15070DC6FC5B0079059D /* QuartzCore.framework */ = {isa = PBXFileReference; lastKnownFileType = wrapper.framework; name = QuartzCore.framework; path = System/Library/Frameworks/QuartzCore.framework; sourceTree = SDKROOT; };
		5102AA7A10F547D300585718 /* AVFoundation.framework */ = {isa = PBXFileReference; lastKnownFileType = wrapper.framework; name = AVFoundation.framework; path = System/Library/Frameworks/AVFoundation.framework; sourceTree = SDKROOT; };
		511C4DF913454AF800D555E2 /* AudioEngine.cpp */ = {isa = PBXFileReference; fileEncoding = 4; lastKnownFileType = sourcecode.cpp.cpp; path = AudioEngine.cpp; sourceTree = "<group>"; };
		511C4DFA13454AF800D555E2 /* AudioEngine.h */ = {isa = PBXFileReference; fileEncoding = 4; lastKnownFileType = sourcecode.c.h; path = AudioEngine.h; sourceTree = "<group>"; };
		511C4DFB13454AF800D555E2 /* AudioState.h */ = {isa = PBXFileReference; fileEncoding = 4; lastKnownFileType = sourcecode.c.h; path = AudioState.h; sourceTree = "<group>"; };
		511C4DFC13454AF800D555E2 /* BackgroundMusic.cpp */ = {isa = PBXFileReference; fileEncoding = 4; lastKnownFileType = sourcecode.cpp.cpp; path = BackgroundMusic.cpp; sourceTree = "<group>"; };
		511C4DFD13454AF800D555E2 /* BackgroundMusic.h */ = {isa = PBXFileReference; fileEncoding = 4; lastKnownFileType = sourcecode.c.h; path = BackgroundMusic.h; sourceTree = "<group>"; };
		511C4DFE13454AF800D555E2 /* MusicEngine.cpp */ = {isa = PBXFileReference; fileEncoding = 4; lastKnownFileType = sourcecode.cpp.cpp; path = MusicEngine.cpp; sourceTree = "<group>"; };
		511C4DFF13454AF800D555E2 /* MusicEngine.h */ = {isa = PBXFileReference; fileEncoding = 4; lastKnownFileType = sourcecode.c.h; path = MusicEngine.h; sourceTree = "<group>"; };
		511C4E0013454AF800D555E2 /* MusicInfo.cpp */ = {isa = PBXFileReference; fileEncoding = 4; lastKnownFileType = sourcecode.cpp.cpp; path = MusicInfo.cpp; sourceTree = "<group>"; };
		511C4E0113454AF800D555E2 /* MusicInfo.h */ = {isa = PBXFileReference; fileEncoding = 4; lastKnownFileType = sourcecode.c.h; path = MusicInfo.h; sourceTree = "<group>"; };
		511C4E0313454AF800D555E2 /* RBAudioPlayerEngine.cpp */ = {isa = PBXFileReference; fileEncoding = 4; lastKnownFileType = sourcecode.cpp.cpp; path = RBAudioPlayerEngine.cpp; sourceTree = "<group>"; };
		511C4E0413454AF800D555E2 /* RBAudioPlayerEngine.h */ = {isa = PBXFileReference; fileEncoding = 4; lastKnownFileType = sourcecode.c.h; path = RBAudioPlayerEngine.h; sourceTree = "<group>"; };
		511C4E0513454AF800D555E2 /* RBAudioPlayerMusic.cpp */ = {isa = PBXFileReference; fileEncoding = 4; lastKnownFileType = sourcecode.cpp.cpp; path = RBAudioPlayerMusic.cpp; sourceTree = "<group>"; };
		511C4E0613454AF800D555E2 /* RBAudioPlayerMusic.h */ = {isa = PBXFileReference; fileEncoding = 4; lastKnownFileType = sourcecode.c.h; path = RBAudioPlayerMusic.h; sourceTree = "<group>"; };
		511C4E0713454AF800D555E2 /* RBAudioPlayerMusicDelegate.h */ = {isa = PBXFileReference; fileEncoding = 4; lastKnownFileType = sourcecode.c.h; path = RBAudioPlayerMusicDelegate.h; sourceTree = "<group>"; };
		511C4E0813454AF800D555E2 /* RBAudioPlayerMusicDelegate.m */ = {isa = PBXFileReference; fileEncoding = 4; lastKnownFileType = sourcecode.c.objc; path = RBAudioPlayerMusicDelegate.m; sourceTree = "<group>"; };
		511C4E0913454AF800D555E2 /* MusicParameters.cpp */ = {isa = PBXFileReference; fileEncoding = 4; lastKnownFileType = sourcecode.cpp.cpp; path = MusicParameters.cpp; sourceTree = "<group>"; };
		511C4E0A13454AF800D555E2 /* MusicParameters.h */ = {isa = PBXFileReference; fileEncoding = 4; lastKnownFileType = sourcecode.c.h; path = MusicParameters.h; sourceTree = "<group>"; };
		511C4E0C13454AF800D555E2 /* OpenALEngine.cpp */ = {isa = PBXFileReference; fileEncoding = 4; lastKnownFileType = sourcecode.cpp.cpp; path = OpenALEngine.cpp; sourceTree = "<group>"; };
		511C4E0D13454AF800D555E2 /* OpenALEngine.h */ = {isa = PBXFileReference; fileEncoding = 4; lastKnownFileType = sourcecode.c.h; path = OpenALEngine.h; sourceTree = "<group>"; };
		511C4E0E13454AF800D555E2 /* OpenALSoundFX.cpp */ = {isa = PBXFileReference; fileEncoding = 4; lastKnownFileType = sourcecode.cpp.cpp; path = OpenALSoundFX.cpp; sourceTree = "<group>"; };
		511C4E0F13454AF800D555E2 /* OpenALSoundFX.h */ = {isa = PBXFileReference; fileEncoding = 4; lastKnownFileType = sourcecode.c.h; path = OpenALSoundFX.h; sourceTree = "<group>"; };
		511C4E1013454AF800D555E2 /* WavHeader.h */ = {isa = PBXFileReference; fileEncoding = 4; lastKnownFileType = sourcecode.c.h; path = WavHeader.h; sourceTree = "<group>"; };
		511C4E1113454AF800D555E2 /* Sound.cpp */ = {isa = PBXFileReference; fileEncoding = 4; lastKnownFileType = sourcecode.cpp.cpp; path = Sound.cpp; sourceTree = "<group>"; };
		511C4E1213454AF800D555E2 /* Sound.h */ = {isa = PBXFileReference; fileEncoding = 4; lastKnownFileType = sourcecode.c.h; path = Sound.h; sourceTree = "<group>"; };
		511C4E1313454AF800D555E2 /* SoundEngine.cpp */ = {isa = PBXFileReference; fileEncoding = 4; lastKnownFileType = sourcecode.cpp.cpp; path = SoundEngine.cpp; sourceTree = "<group>"; };
		511C4E1413454AF800D555E2 /* SoundEngine.h */ = {isa = PBXFileReference; fileEncoding = 4; lastKnownFileType = sourcecode.c.h; path = SoundEngine.h; sourceTree = "<group>"; };
		511C4E1513454AF800D555E2 /* SoundFX.cpp */ = {isa = PBXFileReference; fileEncoding = 4; lastKnownFileType = sourcecode.cpp.cpp; path = SoundFX.cpp; sourceTree = "<group>"; };
		511C4E1613454AF800D555E2 /* SoundFX.h */ = {isa = PBXFileReference; fileEncoding = 4; lastKnownFileType = sourcecode.c.h; path = SoundFX.h; sourceTree = "<group>"; };
		511C4E1713454AF800D555E2 /* SoundInfo.cpp */ = {isa = PBXFileReference; fileEncoding = 4; lastKnownFileType = sourcecode.cpp.cpp; path = SoundInfo.cpp; sourceTree = "<group>"; };
		511C4E1813454AF800D555E2 /* SoundInfo.h */ = {isa = PBXFileReference; fileEncoding = 4; lastKnownFileType = sourcecode.c.h; path = SoundInfo.h; sourceTree = "<group>"; };
		511C4E1913454AF800D555E2 /* SoundParameters.cpp */ = {isa = PBXFileReference; fileEncoding = 4; lastKnownFileType = sourcecode.cpp.cpp; path = SoundParameters.cpp; sourceTree = "<group>"; };
		511C4E1A13454AF800D555E2 /* SoundParameters.h */ = {isa = PBXFileReference; fileEncoding = 4; lastKnownFileType = sourcecode.c.h; path = SoundParameters.h; sourceTree = "<group>"; };
		511C4E1B13454AF800D555E2 /* Debug.h */ = {isa = PBXFileReference; fileEncoding = 4; lastKnownFileType = sourcecode.c.h; path = Debug.h; sourceTree = "<group>"; };
		511C4E1D13454AF800D555E2 /* AnimationParameters.cpp */ = {isa = PBXFileReference; fileEncoding = 4; lastKnownFileType = sourcecode.cpp.cpp; path = AnimationParameters.cpp; sourceTree = "<group>"; };
		511C4E1E13454AF800D555E2 /* AnimationParameters.h */ = {isa = PBXFileReference; fileEncoding = 4; lastKnownFileType = sourcecode.c.h; path = AnimationParameters.h; sourceTree = "<group>"; };
		511C4E1F13454AF800D555E2 /* Camera.cpp */ = {isa = PBXFileReference; fileEncoding = 4; lastKnownFileType = sourcecode.cpp.cpp; path = Camera.cpp; sourceTree = "<group>"; };
		511C4E2013454AF800D555E2 /* Camera.h */ = {isa = PBXFileReference; fileEncoding = 4; lastKnownFileType = sourcecode.c.h; path = Camera.h; sourceTree = "<group>"; };
		511C4E2113454AF800D555E2 /* ColorFormat.h */ = {isa = PBXFileReference; fileEncoding = 4; lastKnownFileType = sourcecode.c.h; path = ColorFormat.h; sourceTree = "<group>"; };
		511C4E2313454AF800D555E2 /* GraphicDriver.cpp */ = {isa = PBXFileReference; fileEncoding = 4; lastKnownFileType = sourcecode.cpp.cpp; path = GraphicDriver.cpp; sourceTree = "<group>"; };
		511C4E2413454AF800D555E2 /* GraphicDriver.h */ = {isa = PBXFileReference; fileEncoding = 4; lastKnownFileType = sourcecode.c.h; path = GraphicDriver.h; sourceTree = "<group>"; };
		511C4E2513454AF800D555E2 /* OpenGLDriver.cpp */ = {isa = PBXFileReference; fileEncoding = 4; lastKnownFileType = sourcecode.cpp.cpp; path = OpenGLDriver.cpp; sourceTree = "<group>"; };
		511C4E2613454AF800D555E2 /* OpenGLDriver.h */ = {isa = PBXFileReference; fileEncoding = 4; lastKnownFileType = sourcecode.c.h; path = OpenGLDriver.h; sourceTree = "<group>"; };
		511C4E2713454AF800D555E2 /* PixMap.cpp */ = {isa = PBXFileReference; fileEncoding = 4; lastKnownFileType = sourcecode.cpp.cpp; path = PixMap.cpp; sourceTree = "<group>"; };
		511C4E2813454AF800D555E2 /* PixMap.h */ = {isa = PBXFileReference; fileEncoding = 4; lastKnownFileType = sourcecode.c.h; path = PixMap.h; sourceTree = "<group>"; };
		511C4E2913454AF800D555E2 /* Renderable.cpp */ = {isa = PBXFileReference; fileEncoding = 4; lastKnownFileType = sourcecode.cpp.cpp; path = Renderable.cpp; sourceTree = "<group>"; };
		511C4E2A13454AF800D555E2 /* Renderable.h */ = {isa = PBXFileReference; fileEncoding = 4; lastKnownFileType = sourcecode.c.h; path = Renderable.h; sourceTree = "<group>"; };
		511C4E2B13454AF800D555E2 /* RenderInfo.cpp */ = {isa = PBXFileReference; fileEncoding = 4; lastKnownFileType = sourcecode.cpp.cpp; path = RenderInfo.cpp; sourceTree = "<group>"; };
		511C4E2C13454AF800D555E2 /* RenderInfo.h */ = {isa = PBXFileReference; fileEncoding = 4; lastKnownFileType = sourcecode.c.h; path = RenderInfo.h; sourceTree = "<group>"; };
		511C4E2D13454AF800D555E2 /* RenderStep.cpp */ = {isa = PBXFileReference; fileEncoding = 4; lastKnownFileType = sourcecode.cpp.cpp; path = RenderStep.cpp; sourceTree = "<group>"; };
		511C4E2E13454AF800D555E2 /* RenderStep.h */ = {isa = PBXFileReference; fileEncoding = 4; lastKnownFileType = sourcecode.c.h; path = RenderStep.h; sourceTree = "<group>"; };
		511C4E2F13454AF800D555E2 /* RenderStepMode.h */ = {isa = PBXFileReference; fileEncoding = 4; lastKnownFileType = sourcecode.c.h; path = RenderStepMode.h; sourceTree = "<group>"; };
		511C4E3013454AF800D555E2 /* Sprite.cpp */ = {isa = PBXFileReference; fileEncoding = 4; lastKnownFileType = sourcecode.cpp.cpp; path = Sprite.cpp; sourceTree = "<group>"; };
		511C4E3113454AF800D555E2 /* Sprite.h */ = {isa = PBXFileReference; fileEncoding = 4; lastKnownFileType = sourcecode.c.h; path = Sprite.h; sourceTree = "<group>"; };
		511C4E3313454AF800D555E2 /* Font.cpp */ = {isa = PBXFileReference; fileEncoding = 4; lastKnownFileType = sourcecode.cpp.cpp; path = Font.cpp; sourceTree = "<group>"; };
		511C4E3413454AF800D555E2 /* Font.h */ = {isa = PBXFileReference; fileEncoding = 4; lastKnownFileType = sourcecode.c.h; path = Font.h; sourceTree = "<group>"; };
		511C4E3513454AF800D555E2 /* FontImplementation.cpp */ = {isa = PBXFileReference; fileEncoding = 4; lastKnownFileType = sourcecode.cpp.cpp; path = FontImplementation.cpp; sourceTree = "<group>"; };
		511C4E3613454AF800D555E2 /* FontImplementation.h */ = {isa = PBXFileReference; fileEncoding = 4; lastKnownFileType = sourcecode.c.h; path = FontImplementation.h; sourceTree = "<group>"; };
		511C4E3713454AF800D555E2 /* Glyph.cpp */ = {isa = PBXFileReference; fileEncoding = 4; lastKnownFileType = sourcecode.cpp.cpp; path = Glyph.cpp; sourceTree = "<group>"; };
		511C4E3813454AF800D555E2 /* Glyph.h */ = {isa = PBXFileReference; fileEncoding = 4; lastKnownFileType = sourcecode.c.h; path = Glyph.h; sourceTree = "<group>"; };
		511C4E3913454AF800D555E2 /* GraphicString.cpp */ = {isa = PBXFileReference; fileEncoding = 4; lastKnownFileType = sourcecode.cpp.cpp; path = GraphicString.cpp; sourceTree = "<group>"; };
		511C4E3A13454AF800D555E2 /* GraphicString.h */ = {isa = PBXFileReference; fileEncoding = 4; lastKnownFileType = sourcecode.c.h; path = GraphicString.h; sourceTree = "<group>"; };
		511C4E3B13454AF800D555E2 /* StringFX.cpp */ = {isa = PBXFileReference; fileEncoding = 4; lastKnownFileType = sourcecode.cpp.cpp; path = StringFX.cpp; sourceTree = "<group>"; };
		511C4E3C13454AF800D555E2 /* StringFX.h */ = {isa = PBXFileReference; fileEncoding = 4; lastKnownFileType = sourcecode.c.h; path = StringFX.h; sourceTree = "<group>"; };
		511C4E3D13454AF800D555E2 /* TextureInfo.cpp */ = {isa = PBXFileReference; fileEncoding = 4; lastKnownFileType = sourcecode.cpp.cpp; path = TextureInfo.cpp; sourceTree = "<group>"; };
		511C4E3E13454AF800D555E2 /* TextureInfo.h */ = {isa = PBXFileReference; fileEncoding = 4; lastKnownFileType = sourcecode.c.h; path = TextureInfo.h; sourceTree = "<group>"; };
		511C4E4013454AF800D555E2 /* Emitter.cpp */ = {isa = PBXFileReference; fileEncoding = 4; lastKnownFileType = sourcecode.cpp.cpp; path = Emitter.cpp; sourceTree = "<group>"; };
		511C4E4113454AF800D555E2 /* Emitter.h */ = {isa = PBXFileReference; fileEncoding = 4; lastKnownFileType = sourcecode.c.h; path = Emitter.h; sourceTree = "<group>"; };
		511C4E4213454AF800D555E2 /* IEmitter.cpp */ = {isa = PBXFileReference; fileEncoding = 4; lastKnownFileType = sourcecode.cpp.cpp; path = IEmitter.cpp; sourceTree = "<group>"; };
		511C4E4313454AF800D555E2 /* IEmitter.h */ = {isa = PBXFileReference; fileEncoding = 4; lastKnownFileType = sourcecode.c.h; path = IEmitter.h; sourceTree = "<group>"; };
		511C4E4413454AF800D555E2 /* ParticlePhase.cpp */ = {isa = PBXFileReference; fileEncoding = 4; lastKnownFileType = sourcecode.cpp.cpp; path = ParticlePhase.cpp; sourceTree = "<group>"; };
		511C4E4513454AF800D555E2 /* ParticlePhase.h */ = {isa = PBXFileReference; fileEncoding = 4; lastKnownFileType = sourcecode.c.h; path = ParticlePhase.h; sourceTree = "<group>"; };
		511C4E4613454AF800D555E2 /* ParticleState.h */ = {isa = PBXFileReference; fileEncoding = 4; lastKnownFileType = sourcecode.c.h; path = ParticleState.h; sourceTree = "<group>"; };
		511C4E4713454AF800D555E2 /* SpriteEmitter.cpp */ = {isa = PBXFileReference; fileEncoding = 4; lastKnownFileType = sourcecode.cpp.cpp; path = SpriteEmitter.cpp; sourceTree = "<group>"; };
		511C4E4813454AF800D555E2 /* SpriteEmitter.h */ = {isa = PBXFileReference; fileEncoding = 4; lastKnownFileType = sourcecode.c.h; path = SpriteEmitter.h; sourceTree = "<group>"; };
		511C4E4913454AF800D555E2 /* Factory.h */ = {isa = PBXFileReference; fileEncoding = 4; lastKnownFileType = sourcecode.c.h; path = Factory.h; sourceTree = "<group>"; };
		511C4E4B13454AF800D555E2 /* BitHelper.cpp */ = {isa = PBXFileReference; fileEncoding = 4; lastKnownFileType = sourcecode.cpp.cpp; path = BitHelper.cpp; sourceTree = "<group>"; };
		511C4E4C13454AF800D555E2 /* BitHelper.h */ = {isa = PBXFileReference; fileEncoding = 4; lastKnownFileType = sourcecode.c.h; path = BitHelper.h; sourceTree = "<group>"; };
		511C4E4D13454AF800D555E2 /* MathHelper.cpp */ = {isa = PBXFileReference; fileEncoding = 4; lastKnownFileType = sourcecode.cpp.cpp; path = MathHelper.cpp; sourceTree = "<group>"; };
		511C4E4E13454AF800D555E2 /* MathHelper.h */ = {isa = PBXFileReference; fileEncoding = 4; lastKnownFileType = sourcecode.c.h; path = MathHelper.h; sourceTree = "<group>"; };
		511C4E4F13454AF800D555E2 /* Parser.cpp */ = {isa = PBXFileReference; fileEncoding = 4; lastKnownFileType = sourcecode.cpp.cpp; path = Parser.cpp; sourceTree = "<group>"; };
		511C4E5013454AF800D555E2 /* Parser.h */ = {isa = PBXFileReference; fileEncoding = 4; lastKnownFileType = sourcecode.c.h; path = Parser.h; sourceTree = "<group>"; };
		511C4E5113454AF800D555E2 /* Random.cpp */ = {isa = PBXFileReference; fileEncoding = 4; lastKnownFileType = sourcecode.cpp.cpp; path = Random.cpp; sourceTree = "<group>"; };
		511C4E5213454AF800D555E2 /* Random.h */ = {isa = PBXFileReference; fileEncoding = 4; lastKnownFileType = sourcecode.c.h; path = Random.h; sourceTree = "<group>"; };
		511C4E5313454AF800D555E2 /* ResourcePathHandler.cpp */ = {isa = PBXFileReference; fileEncoding = 4; lastKnownFileType = sourcecode.cpp.cpp; path = ResourcePathHandler.cpp; sourceTree = "<group>"; };
		511C4E5413454AF800D555E2 /* ResourcePathHandler.h */ = {isa = PBXFileReference; fileEncoding = 4; lastKnownFileType = sourcecode.c.h; path = ResourcePathHandler.h; sourceTree = "<group>"; };
		511C4E5513454AF800D555E2 /* SpriteFactory.cpp */ = {isa = PBXFileReference; fileEncoding = 4; lastKnownFileType = sourcecode.cpp.cpp; path = SpriteFactory.cpp; sourceTree = "<group>"; };
		511C4E5613454AF800D555E2 /* SpriteFactory.h */ = {isa = PBXFileReference; fileEncoding = 4; lastKnownFileType = sourcecode.c.h; path = SpriteFactory.h; sourceTree = "<group>"; };
		511C4E5713454AF800D555E2 /* StringHelper.cpp */ = {isa = PBXFileReference; fileEncoding = 4; lastKnownFileType = sourcecode.cpp.cpp; path = StringHelper.cpp; sourceTree = "<group>"; };
		511C4E5813454AF800D555E2 /* StringHelper.h */ = {isa = PBXFileReference; fileEncoding = 4; lastKnownFileType = sourcecode.c.h; path = StringHelper.h; sourceTree = "<group>"; };
		511C4E5913454AF800D555E2 /* TimeHelper.cpp */ = {isa = PBXFileReference; fileEncoding = 4; lastKnownFileType = sourcecode.cpp.cpp; path = TimeHelper.cpp; sourceTree = "<group>"; };
		511C4E5A13454AF800D555E2 /* TimeHelper.h */ = {isa = PBXFileReference; fileEncoding = 4; lastKnownFileType = sourcecode.c.h; path = TimeHelper.h; sourceTree = "<group>"; };
		511C4E5B13454AF800D555E2 /* UTFConvert.cpp */ = {isa = PBXFileReference; fileEncoding = 4; lastKnownFileType = sourcecode.cpp.cpp; path = UTFConvert.cpp; sourceTree = "<group>"; };
		511C4E5C13454AF800D555E2 /* UTFConvert.h */ = {isa = PBXFileReference; fileEncoding = 4; lastKnownFileType = sourcecode.c.h; path = UTFConvert.h; sourceTree = "<group>"; };
		511C4E6513454AF800D555E2 /* Edge.cpp */ = {isa = PBXFileReference; fileEncoding = 4; lastKnownFileType = sourcecode.cpp.cpp; path = Edge.cpp; sourceTree = "<group>"; };
		511C4E6613454AF800D555E2 /* Edge.h */ = {isa = PBXFileReference; fileEncoding = 4; lastKnownFileType = sourcecode.c.h; path = Edge.h; sourceTree = "<group>"; };
		511C4E6713454AF800D555E2 /* GraphicBody.cpp */ = {isa = PBXFileReference; fileEncoding = 4; lastKnownFileType = sourcecode.cpp.cpp; path = GraphicBody.cpp; sourceTree = "<group>"; };
		511C4E6813454AF800D555E2 /* GraphicBody.h */ = {isa = PBXFileReference; fileEncoding = 4; lastKnownFileType = sourcecode.c.h; path = GraphicBody.h; sourceTree = "<group>"; };
		511C4E6913454AF800D555E2 /* Link.cpp */ = {isa = PBXFileReference; fileEncoding = 4; lastKnownFileType = sourcecode.cpp.cpp; path = Link.cpp; sourceTree = "<group>"; };
		511C4E6A13454AF800D555E2 /* Link.h */ = {isa = PBXFileReference; fileEncoding = 4; lastKnownFileType = sourcecode.c.h; path = Link.h; sourceTree = "<group>"; };
		511C4E6B13454AF800D555E2 /* LinkData.cpp */ = {isa = PBXFileReference; fileEncoding = 4; lastKnownFileType = sourcecode.cpp.cpp; path = LinkData.cpp; sourceTree = "<group>"; };
		511C4E6C13454AF800D555E2 /* LinkData.h */ = {isa = PBXFileReference; fileEncoding = 4; lastKnownFileType = sourcecode.c.h; path = LinkData.h; sourceTree = "<group>"; };
		511C4E6D13454AF800D555E2 /* RBString32.h */ = {isa = PBXFileReference; fileEncoding = 4; lastKnownFileType = sourcecode.c.h; path = RBString32.h; sourceTree = "<group>"; };
		511C4E6E13454AF800D555E2 /* PlatformFlagger.h */ = {isa = PBXFileReference; fileEncoding = 4; lastKnownFileType = sourcecode.c.h; path = PlatformFlagger.h; sourceTree = "<group>"; };
		511C4E6F13454AF800D555E2 /* RedBoxEngine.cpp */ = {isa = PBXFileReference; fileEncoding = 4; lastKnownFileType = sourcecode.cpp.cpp; path = RedBoxEngine.cpp; sourceTree = "<group>"; };
		511C4E7013454AF800D555E2 /* RedBoxEngine.h */ = {isa = PBXFileReference; fileEncoding = 4; lastKnownFileType = sourcecode.c.h; path = RedBoxEngine.h; sourceTree = "<group>"; };
		511C4E7113454AF800D555E2 /* ResourceManager.cpp */ = {isa = PBXFileReference; fileEncoding = 4; lastKnownFileType = sourcecode.cpp.cpp; path = ResourceManager.cpp; sourceTree = "<group>"; };
		511C4E7213454AF800D555E2 /* ResourceManager.h */ = {isa = PBXFileReference; fileEncoding = 4; lastKnownFileType = sourcecode.c.h; path = ResourceManager.h; sourceTree = "<group>"; };
		511C4E7313454AF800D555E2 /* State.cpp */ = {isa = PBXFileReference; fileEncoding = 4; lastKnownFileType = sourcecode.cpp.cpp; path = State.cpp; sourceTree = "<group>"; };
		511C4E7413454AF800D555E2 /* State.h */ = {isa = PBXFileReference; fileEncoding = 4; lastKnownFileType = sourcecode.c.h; path = State.h; sourceTree = "<group>"; };
		511C4E7513454AF800D555E2 /* Vec2.cpp */ = {isa = PBXFileReference; fileEncoding = 4; lastKnownFileType = sourcecode.cpp.cpp; path = Vec2.cpp; sourceTree = "<group>"; };
		511C4E7613454AF800D555E2 /* Vec2.h */ = {isa = PBXFileReference; fileEncoding = 4; lastKnownFileType = sourcecode.c.h; path = Vec2.h; sourceTree = "<group>"; };
		511C4E7713454AF800D555E2 /* Vertex.cpp */ = {isa = PBXFileReference; fileEncoding = 4; lastKnownFileType = sourcecode.cpp.cpp; path = Vertex.cpp; sourceTree = "<group>"; };
		511C4E7813454AF800D555E2 /* Vertex.h */ = {isa = PBXFileReference; fileEncoding = 4; lastKnownFileType = sourcecode.c.h; path = Vertex.h; sourceTree = "<group>"; };
		511C4E7913454AF800D555E2 /* VerticesGroup.cpp */ = {isa = PBXFileReference; fileEncoding = 4; lastKnownFileType = sourcecode.cpp.cpp; path = VerticesGroup.cpp; sourceTree = "<group>"; };
		511C4E7A13454AF800D555E2 /* VerticesGroup.h */ = {isa = PBXFileReference; fileEncoding = 4; lastKnownFileType = sourcecode.c.h; path = VerticesGroup.h; sourceTree = "<group>"; };
		511C4E7B13454AF800D555E2 /* RedBox.h */ = {isa = PBXFileReference; fileEncoding = 4; lastKnownFileType = sourcecode.c.h; path = RedBox.h; sourceTree = "<group>"; };
		512D586C109B6D45009D504E /* libz.dylib */ = {isa = PBXFileReference; lastKnownFileType = "compiled.mach-o.dylib"; name = libz.dylib; path = usr/lib/libz.dylib; sourceTree = SDKROOT; };
		515EB50512FF34AA004FB469 /* libRedBox.a */ = {isa = PBXFileReference; explicitFileType = archive.ar; includeInIndex = 0; path = libRedBox.a; sourceTree = BUILT_PRODUCTS_DIR; };
		517BDCDD11B04CA80095F001 /* CoreGraphics.framework */ = {isa = PBXFileReference; lastKnownFileType = wrapper.framework; name = CoreGraphics.framework; path = System/Library/Frameworks/CoreGraphics.framework; sourceTree = SDKROOT; };
		517D7C3210F87AB10022BBF2 /* OpenAL.framework */ = {isa = PBXFileReference; lastKnownFileType = wrapper.framework; name = OpenAL.framework; path = System/Library/Frameworks/OpenAL.framework; sourceTree = SDKROOT; };
		51A9351410E8934500D144F4 /* AudioToolbox.framework */ = {isa = PBXFileReference; lastKnownFileType = wrapper.framework; name = AudioToolbox.framework; path = System/Library/Frameworks/AudioToolbox.framework; sourceTree = SDKROOT; };
		51BB79AB134B7CF500051A7D /* Accelerometer.cpp */ = {isa = PBXFileReference; fileEncoding = 4; lastKnownFileType = sourcecode.cpp.cpp; path = Accelerometer.cpp; sourceTree = "<group>"; };
		51BB79AC134B7CF500051A7D /* Accelerometer.h */ = {isa = PBXFileReference; fileEncoding = 4; lastKnownFileType = sourcecode.c.h; path = Accelerometer.h; sourceTree = "<group>"; };
		51BB79AD134B7CF500051A7D /* AccelerometerSignalData.cpp */ = {isa = PBXFileReference; fileEncoding = 4; lastKnownFileType = sourcecode.cpp.cpp; path = AccelerometerSignalData.cpp; sourceTree = "<group>"; };
		51BB79AE134B7CF500051A7D /* AccelerometerSignalData.h */ = {isa = PBXFileReference; fileEncoding = 4; lastKnownFileType = sourcecode.c.h; path = AccelerometerSignalData.h; sourceTree = "<group>"; };
		51BB79AF134B7CF500051A7D /* AccelerometerState.cpp */ = {isa = PBXFileReference; fileEncoding = 4; lastKnownFileType = sourcecode.cpp.cpp; path = AccelerometerState.cpp; sourceTree = "<group>"; };
		51BB79B0134B7CF500051A7D /* AccelerometerState.h */ = {isa = PBXFileReference; fileEncoding = 4; lastKnownFileType = sourcecode.c.h; path = AccelerometerState.h; sourceTree = "<group>"; };
		51BB79B2134B7CF500051A7D /* GamePad.cpp */ = {isa = PBXFileReference; fileEncoding = 4; lastKnownFileType = sourcecode.cpp.cpp; path = GamePad.cpp; sourceTree = "<group>"; };
		51BB79B3134B7CF500051A7D /* GamePad.h */ = {isa = PBXFileReference; fileEncoding = 4; lastKnownFileType = sourcecode.c.h; path = GamePad.h; sourceTree = "<group>"; };
		51BB79B4134B7CF500051A7D /* GamePadButtonSignalData.cpp */ = {isa = PBXFileReference; fileEncoding = 4; lastKnownFileType = sourcecode.cpp.cpp; path = GamePadButtonSignalData.cpp; sourceTree = "<group>"; };
		51BB79B5134B7CF500051A7D /* GamePadButtonSignalData.h */ = {isa = PBXFileReference; fileEncoding = 4; lastKnownFileType = sourcecode.c.h; path = GamePadButtonSignalData.h; sourceTree = "<group>"; };
		51BB79B6134B7CF500051A7D /* GamePadSignalData.cpp */ = {isa = PBXFileReference; fileEncoding = 4; lastKnownFileType = sourcecode.cpp.cpp; path = GamePadSignalData.cpp; sourceTree = "<group>"; };
		51BB79B7134B7CF500051A7D /* GamePadSignalData.h */ = {isa = PBXFileReference; fileEncoding = 4; lastKnownFileType = sourcecode.c.h; path = GamePadSignalData.h; sourceTree = "<group>"; };
		51BB79B8134B7CF500051A7D /* GamePadState.cpp */ = {isa = PBXFileReference; fileEncoding = 4; lastKnownFileType = sourcecode.cpp.cpp; path = GamePadState.cpp; sourceTree = "<group>"; };
		51BB79B9134B7CF500051A7D /* GamePadState.h */ = {isa = PBXFileReference; fileEncoding = 4; lastKnownFileType = sourcecode.c.h; path = GamePadState.h; sourceTree = "<group>"; };
		51BB79BA134B7CF500051A7D /* GamePadThumbstickSignalData.cpp */ = {isa = PBXFileReference; fileEncoding = 4; lastKnownFileType = sourcecode.cpp.cpp; path = GamePadThumbstickSignalData.cpp; sourceTree = "<group>"; };
		51BB79BB134B7CF500051A7D /* GamePadThumbstickSignalData.h */ = {isa = PBXFileReference; fileEncoding = 4; lastKnownFileType = sourcecode.c.h; path = GamePadThumbstickSignalData.h; sourceTree = "<group>"; };
		51BB79BC134B7CF500051A7D /* InputDevice.cpp */ = {isa = PBXFileReference; fileEncoding = 4; lastKnownFileType = sourcecode.cpp.cpp; path = InputDevice.cpp; sourceTree = "<group>"; };
		51BB79BD134B7CF500051A7D /* InputDevice.h */ = {isa = PBXFileReference; fileEncoding = 4; lastKnownFileType = sourcecode.c.h; path = InputDevice.h; sourceTree = "<group>"; };
		51BB79BE134B7CF500051A7D /* InputManager.cpp */ = {isa = PBXFileReference; fileEncoding = 4; lastKnownFileType = sourcecode.cpp.cpp; path = InputManager.cpp; sourceTree = "<group>"; };
		51BB79BF134B7CF500051A7D /* InputManager.h */ = {isa = PBXFileReference; fileEncoding = 4; lastKnownFileType = sourcecode.c.h; path = InputManager.h; sourceTree = "<group>"; };
		51BB79C0134B7CF500051A7D /* InputSignalData.cpp */ = {isa = PBXFileReference; fileEncoding = 4; lastKnownFileType = sourcecode.cpp.cpp; path = InputSignalData.cpp; sourceTree = "<group>"; };
		51BB79C1134B7CF500051A7D /* InputSignalData.h */ = {isa = PBXFileReference; fileEncoding = 4; lastKnownFileType = sourcecode.c.h; path = InputSignalData.h; sourceTree = "<group>"; };
		51BB79C2134B7CF500051A7D /* InputState.cpp */ = {isa = PBXFileReference; fileEncoding = 4; lastKnownFileType = sourcecode.cpp.cpp; path = InputState.cpp; sourceTree = "<group>"; };
		51BB79C3134B7CF500051A7D /* InputState.h */ = {isa = PBXFileReference; fileEncoding = 4; lastKnownFileType = sourcecode.c.h; path = InputState.h; sourceTree = "<group>"; };
		51BB79C5134B7CF500051A7D /* Key.h */ = {isa = PBXFileReference; fileEncoding = 4; lastKnownFileType = sourcecode.c.h; path = Key.h; sourceTree = "<group>"; };
		51BB79C6134B7CF500051A7D /* Keyboard.cpp */ = {isa = PBXFileReference; fileEncoding = 4; lastKnownFileType = sourcecode.cpp.cpp; path = Keyboard.cpp; sourceTree = "<group>"; };
		51BB79C7134B7CF500051A7D /* Keyboard.h */ = {isa = PBXFileReference; fileEncoding = 4; lastKnownFileType = sourcecode.c.h; path = Keyboard.h; sourceTree = "<group>"; };
		51BB79C8134B7CF500051A7D /* KeyboardSignalData.cpp */ = {isa = PBXFileReference; fileEncoding = 4; lastKnownFileType = sourcecode.cpp.cpp; path = KeyboardSignalData.cpp; sourceTree = "<group>"; };
		51BB79C9134B7CF500051A7D /* KeyboardSignalData.h */ = {isa = PBXFileReference; fileEncoding = 4; lastKnownFileType = sourcecode.c.h; path = KeyboardSignalData.h; sourceTree = "<group>"; };
		51BB79CA134B7CF500051A7D /* KeyboardState.cpp */ = {isa = PBXFileReference; fileEncoding = 4; lastKnownFileType = sourcecode.cpp.cpp; path = KeyboardState.cpp; sourceTree = "<group>"; };
		51BB79CB134B7CF500051A7D /* KeyboardState.h */ = {isa = PBXFileReference; fileEncoding = 4; lastKnownFileType = sourcecode.c.h; path = KeyboardState.h; sourceTree = "<group>"; };
		51BB79CC134B7CF500051A7D /* KeyMaskSignalData.cpp */ = {isa = PBXFileReference; fileEncoding = 4; lastKnownFileType = sourcecode.cpp.cpp; path = KeyMaskSignalData.cpp; sourceTree = "<group>"; };
		51BB79CD134B7CF500051A7D /* KeyMaskSignalData.h */ = {isa = PBXFileReference; fileEncoding = 4; lastKnownFileType = sourcecode.c.h; path = KeyMaskSignalData.h; sourceTree = "<group>"; };
		51BB79CE134B7CF500051A7D /* KeySignalData.cpp */ = {isa = PBXFileReference; fileEncoding = 4; lastKnownFileType = sourcecode.cpp.cpp; path = KeySignalData.cpp; sourceTree = "<group>"; };
		51BB79CF134B7CF500051A7D /* KeySignalData.h */ = {isa = PBXFileReference; fileEncoding = 4; lastKnownFileType = sourcecode.c.h; path = KeySignalData.h; sourceTree = "<group>"; };
		51BB79D1134B7CF500051A7D /* CursorState.cpp */ = {isa = PBXFileReference; fileEncoding = 4; lastKnownFileType = sourcecode.cpp.cpp; path = CursorState.cpp; sourceTree = "<group>"; };
		51BB79D2134B7CF500051A7D /* CursorState.h */ = {isa = PBXFileReference; fileEncoding = 4; lastKnownFileType = sourcecode.c.h; path = CursorState.h; sourceTree = "<group>"; };
		51BB79D3134B7CF500051A7D /* Pointer.cpp */ = {isa = PBXFileReference; fileEncoding = 4; lastKnownFileType = sourcecode.cpp.cpp; path = Pointer.cpp; sourceTree = "<group>"; };
		51BB79D4134B7CF500051A7D /* Pointer.h */ = {isa = PBXFileReference; fileEncoding = 4; lastKnownFileType = sourcecode.c.h; path = Pointer.h; sourceTree = "<group>"; };
		51BB79D5134B7CF500051A7D /* PointerButtonSignalData.cpp */ = {isa = PBXFileReference; fileEncoding = 4; lastKnownFileType = sourcecode.cpp.cpp; path = PointerButtonSignalData.cpp; sourceTree = "<group>"; };
		51BB79D6134B7CF500051A7D /* PointerButtonSignalData.h */ = {isa = PBXFileReference; fileEncoding = 4; lastKnownFileType = sourcecode.c.h; path = PointerButtonSignalData.h; sourceTree = "<group>"; };
		51BB79D7134B7CF500051A7D /* PointerMoveSignalData.cpp */ = {isa = PBXFileReference; fileEncoding = 4; lastKnownFileType = sourcecode.cpp.cpp; path = PointerMoveSignalData.cpp; sourceTree = "<group>"; };
		51BB79D8134B7CF600051A7D /* PointerMoveSignalData.h */ = {isa = PBXFileReference; fileEncoding = 4; lastKnownFileType = sourcecode.c.h; path = PointerMoveSignalData.h; sourceTree = "<group>"; };
		51BB79D9134B7CF600051A7D /* PointerSignalData.cpp */ = {isa = PBXFileReference; fileEncoding = 4; lastKnownFileType = sourcecode.cpp.cpp; path = PointerSignalData.cpp; sourceTree = "<group>"; };
		51BB79DA134B7CF600051A7D /* PointerSignalData.h */ = {isa = PBXFileReference; fileEncoding = 4; lastKnownFileType = sourcecode.c.h; path = PointerSignalData.h; sourceTree = "<group>"; };
		51BB79DB134B7CF600051A7D /* PointerState.cpp */ = {isa = PBXFileReference; fileEncoding = 4; lastKnownFileType = sourcecode.cpp.cpp; path = PointerState.cpp; sourceTree = "<group>"; };
		51BB79DC134B7CF600051A7D /* PointerState.h */ = {isa = PBXFileReference; fileEncoding = 4; lastKnownFileType = sourcecode.c.h; path = PointerState.h; sourceTree = "<group>"; };
		51BB7A0D134B7CFE00051A7D /* SignalAnalyzer.cpp */ = {isa = PBXFileReference; fileEncoding = 4; lastKnownFileType = sourcecode.cpp.cpp; path = SignalAnalyzer.cpp; sourceTree = "<group>"; };
		51BB7A0E134B7CFE00051A7D /* SignalAnalyzer.h */ = {isa = PBXFileReference; fileEncoding = 4; lastKnownFileType = sourcecode.c.h; path = SignalAnalyzer.h; sourceTree = "<group>"; };
		51BB7A0F134B7CFE00051A7D /* SignalAnalyzerManager.cpp */ = {isa = PBXFileReference; fileEncoding = 4; lastKnownFileType = sourcecode.cpp.cpp; path = SignalAnalyzerManager.cpp; sourceTree = "<group>"; };
		51BB7A10134B7CFE00051A7D /* SignalAnalyzerManager.h */ = {isa = PBXFileReference; fileEncoding = 4; lastKnownFileType = sourcecode.c.h; path = SignalAnalyzerManager.h; sourceTree = "<group>"; };
		51BB7A11134B7CFE00051A7D /* SignalData.cpp */ = {isa = PBXFileReference; fileEncoding = 4; lastKnownFileType = sourcecode.cpp.cpp; path = SignalData.cpp; sourceTree = "<group>"; };
		51BB7A12134B7CFE00051A7D /* SignalData.h */ = {isa = PBXFileReference; fileEncoding = 4; lastKnownFileType = sourcecode.c.h; path = SignalData.h; sourceTree = "<group>"; };
		7EF711ED132D35C100524FBB /* libfreetype.a */ = {isa = PBXFileReference; lastKnownFileType = archive.ar; name = libfreetype.a; path = ../../libraries/build/lib/libfreetype.a; sourceTree = "<group>"; };
		7EF711EE132D35C100524FBB /* libpng.a */ = {isa = PBXFileReference; lastKnownFileType = archive.ar; name = libpng.a; path = ../../libraries/build/lib/libpng.a; sourceTree = "<group>"; };
		7EF711F0132D35C100524FBB /* libvorbisidec.a */ = {isa = PBXFileReference; lastKnownFileType = archive.ar; name = libvorbisidec.a; path = ../../libraries/build/lib/libvorbisidec.a; sourceTree = "<group>"; };
/* End PBXFileReference section */

/* Begin PBXFrameworksBuildPhase section */
		5192774511D5B0F100C65B15 /* Frameworks */ = {
			isa = PBXFrameworksBuildPhase;
			buildActionMask = 2147483647;
			files = (
				7EF711F1132D35C100524FBB /* libfreetype.a in Frameworks */,
				7EF711F2132D35C100524FBB /* libpng.a in Frameworks */,
				7EF711F4132D35C100524FBB /* libvorbisidec.a in Frameworks */,
				51927C0111D5EA2F00C65B15 /* AudioToolbox.framework in Frameworks */,
				51927C0711D5EA3E00C65B15 /* AVFoundation.framework in Frameworks */,
				51927C0811D5EA4200C65B15 /* libz.dylib in Frameworks */,
				51927C0B11D5EA4D00C65B15 /* CoreGraphics.framework in Frameworks */,
				51927C0C11D5EA4E00C65B15 /* Foundation.framework in Frameworks */,
				51927C0D11D5EA4F00C65B15 /* OpenAL.framework in Frameworks */,
				51927C0E11D5EA5000C65B15 /* OpenGLES.framework in Frameworks */,
				51927C0F11D5EA5000C65B15 /* QuartzCore.framework in Frameworks */,
				51927C1011D5EA5100C65B15 /* UIKit.framework in Frameworks */,
			);
			runOnlyForDeploymentPostprocessing = 0;
		};
/* End PBXFrameworksBuildPhase section */

/* Begin PBXGroup section */
		19C28FACFE9D520D11CA2CBB /* Products */ = {
			isa = PBXGroup;
			children = (
				515EB50512FF34AA004FB469 /* libRedBox.a */,
			);
			name = Products;
			sourceTree = "<group>";
		};
		245EAF23134E6954002F0596 /* ios */ = {
			isa = PBXGroup;
			children = (
				245EAF24134E6954002F0596 /* IOSPointer.cpp */,
				245EAF25134E6954002F0596 /* IOSPointer.h */,
			);
			name = ios;
			path = ../../../RedBox/Input/Pointer/ios;
			sourceTree = "<group>";
		};
		29B97314FDCFA39411CA2CEA /* CustomTemplate */ = {
			isa = PBXGroup;
			children = (
				511C4DF613454AF800D555E2 /* RedBox */,
				7EF711F5132D35E900524FBB /* libraries */,
				29B97323FDCFA39411CA2CEA /* Frameworks */,
				19C28FACFE9D520D11CA2CBB /* Products */,
			);
			name = CustomTemplate;
			sourceTree = "<group>";
		};
		29B97323FDCFA39411CA2CEA /* Frameworks */ = {
			isa = PBXGroup;
			children = (
				517BDCDD11B04CA80095F001 /* CoreGraphics.framework */,
				51A9351410E8934500D144F4 /* AudioToolbox.framework */,
				28FD15070DC6FC5B0079059D /* QuartzCore.framework */,
				28FD14FF0DC6FC520079059D /* OpenGLES.framework */,
				1DF5F4DF0D08C38300B7A737 /* UIKit.framework */,
				1D30AB110D05D00D00671497 /* Foundation.framework */,
				512D586C109B6D45009D504E /* libz.dylib */,
				5102AA7A10F547D300585718 /* AVFoundation.framework */,
				517D7C3210F87AB10022BBF2 /* OpenAL.framework */,
			);
			name = Frameworks;
			sourceTree = "<group>";
		};
		511C4DF613454AF800D555E2 /* RedBox */ = {
			isa = PBXGroup;
			children = (
				511C4E7B13454AF800D555E2 /* RedBox.h */,
				511C4DF713454AF800D555E2 /* Redbox */,
			);
			name = RedBox;
			path = ../../RedBox;
			sourceTree = "<group>";
		};
		511C4DF713454AF800D555E2 /* Redbox */ = {
			isa = PBXGroup;
			children = (
				51BB7A0C134B7CFE00051A7D /* SignalSlots */,
				51BB79A9134B7CF500051A7D /* Input */,
				511C4DF813454AF800D555E2 /* Audio */,
				511C4E1C13454AF800D555E2 /* Display */,
				511C4E3F13454AF800D555E2 /* Emitter */,
				511C4E4A13454AF800D555E2 /* Helper */,
				511C4E6413454AF800D555E2 /* Physic */,
				511C4E6E13454AF800D555E2 /* PlatformFlagger.h */,
				511C4E4913454AF800D555E2 /* Factory.h */,
				511C4E1B13454AF800D555E2 /* Debug.h */,
				511C4E6F13454AF800D555E2 /* RedBoxEngine.cpp */,
				511C4E7013454AF800D555E2 /* RedBoxEngine.h */,
				511C4E7113454AF800D555E2 /* ResourceManager.cpp */,
				511C4E7213454AF800D555E2 /* ResourceManager.h */,
				511C4E7313454AF800D555E2 /* State.cpp */,
				511C4E7413454AF800D555E2 /* State.h */,
				511C4E7513454AF800D555E2 /* Vec2.cpp */,
				511C4E7613454AF800D555E2 /* Vec2.h */,
				511C4E7713454AF800D555E2 /* Vertex.cpp */,
				511C4E7813454AF800D555E2 /* Vertex.h */,
				511C4E7913454AF800D555E2 /* VerticesGroup.cpp */,
				511C4E7A13454AF800D555E2 /* VerticesGroup.h */,
			);
			path = Redbox;
			sourceTree = "<group>";
		};
		511C4DF813454AF800D555E2 /* Audio */ = {
			isa = PBXGroup;
			children = (
				511C4DF913454AF800D555E2 /* AudioEngine.cpp */,
				511C4DFA13454AF800D555E2 /* AudioEngine.h */,
				511C4DFB13454AF800D555E2 /* AudioState.h */,
				511C4DFC13454AF800D555E2 /* BackgroundMusic.cpp */,
				511C4DFD13454AF800D555E2 /* BackgroundMusic.h */,
				511C4DFE13454AF800D555E2 /* MusicEngine.cpp */,
				511C4DFF13454AF800D555E2 /* MusicEngine.h */,
				511C4E0013454AF800D555E2 /* MusicInfo.cpp */,
				511C4E0113454AF800D555E2 /* MusicInfo.h */,
				511C4E0213454AF800D555E2 /* MusicObjectiveC */,
				511C4E0913454AF800D555E2 /* MusicParameters.cpp */,
				511C4E0A13454AF800D555E2 /* MusicParameters.h */,
				511C4E0B13454AF800D555E2 /* OpenAL */,
				511C4E1113454AF800D555E2 /* Sound.cpp */,
				511C4E1213454AF800D555E2 /* Sound.h */,
				511C4E1313454AF800D555E2 /* SoundEngine.cpp */,
				511C4E1413454AF800D555E2 /* SoundEngine.h */,
				511C4E1513454AF800D555E2 /* SoundFX.cpp */,
				511C4E1613454AF800D555E2 /* SoundFX.h */,
				511C4E1713454AF800D555E2 /* SoundInfo.cpp */,
				511C4E1813454AF800D555E2 /* SoundInfo.h */,
				511C4E1913454AF800D555E2 /* SoundParameters.cpp */,
				511C4E1A13454AF800D555E2 /* SoundParameters.h */,
			);
			path = Audio;
			sourceTree = "<group>";
		};
		511C4E0213454AF800D555E2 /* MusicObjectiveC */ = {
			isa = PBXGroup;
			children = (
				511C4E0313454AF800D555E2 /* RBAudioPlayerEngine.cpp */,
				511C4E0413454AF800D555E2 /* RBAudioPlayerEngine.h */,
				511C4E0513454AF800D555E2 /* RBAudioPlayerMusic.cpp */,
				511C4E0613454AF800D555E2 /* RBAudioPlayerMusic.h */,
				511C4E0713454AF800D555E2 /* RBAudioPlayerMusicDelegate.h */,
				511C4E0813454AF800D555E2 /* RBAudioPlayerMusicDelegate.m */,
			);
			path = MusicObjectiveC;
			sourceTree = "<group>";
		};
		511C4E0B13454AF800D555E2 /* OpenAL */ = {
			isa = PBXGroup;
			children = (
				511C4E0C13454AF800D555E2 /* OpenALEngine.cpp */,
				511C4E0D13454AF800D555E2 /* OpenALEngine.h */,
				511C4E0E13454AF800D555E2 /* OpenALSoundFX.cpp */,
				511C4E0F13454AF800D555E2 /* OpenALSoundFX.h */,
				511C4E1013454AF800D555E2 /* WavHeader.h */,
			);
			path = OpenAL;
			sourceTree = "<group>";
		};
		511C4E1C13454AF800D555E2 /* Display */ = {
			isa = PBXGroup;
			children = (
				511C4E1D13454AF800D555E2 /* AnimationParameters.cpp */,
				511C4E1E13454AF800D555E2 /* AnimationParameters.h */,
				511C4E1F13454AF800D555E2 /* Camera.cpp */,
				511C4E2013454AF800D555E2 /* Camera.h */,
				511C4E2113454AF800D555E2 /* ColorFormat.h */,
				511C4E2213454AF800D555E2 /* Driver */,
				511C4E2713454AF800D555E2 /* PixMap.cpp */,
				511C4E2813454AF800D555E2 /* PixMap.h */,
				511C4E2913454AF800D555E2 /* Renderable.cpp */,
				511C4E2A13454AF800D555E2 /* Renderable.h */,
				511C4E2B13454AF800D555E2 /* RenderInfo.cpp */,
				511C4E2C13454AF800D555E2 /* RenderInfo.h */,
				511C4E2D13454AF800D555E2 /* RenderStep.cpp */,
				511C4E2E13454AF800D555E2 /* RenderStep.h */,
				511C4E2F13454AF800D555E2 /* RenderStepMode.h */,
				511C4E3013454AF800D555E2 /* Sprite.cpp */,
				511C4E3113454AF800D555E2 /* Sprite.h */,
				511C4E3213454AF800D555E2 /* Text */,
				511C4E3D13454AF800D555E2 /* TextureInfo.cpp */,
				511C4E3E13454AF800D555E2 /* TextureInfo.h */,
			);
			path = Display;
			sourceTree = "<group>";
		};
		511C4E2213454AF800D555E2 /* Driver */ = {
			isa = PBXGroup;
			children = (
				511C4E2313454AF800D555E2 /* GraphicDriver.cpp */,
				511C4E2413454AF800D555E2 /* GraphicDriver.h */,
				511C4E2513454AF800D555E2 /* OpenGLDriver.cpp */,
				511C4E2613454AF800D555E2 /* OpenGLDriver.h */,
			);
			path = Driver;
			sourceTree = "<group>";
		};
		511C4E3213454AF800D555E2 /* Text */ = {
			isa = PBXGroup;
			children = (
				511C4E3313454AF800D555E2 /* Font.cpp */,
				511C4E3413454AF800D555E2 /* Font.h */,
				511C4E3513454AF800D555E2 /* FontImplementation.cpp */,
				511C4E3613454AF800D555E2 /* FontImplementation.h */,
				511C4E3713454AF800D555E2 /* Glyph.cpp */,
				511C4E3813454AF800D555E2 /* Glyph.h */,
				511C4E3913454AF800D555E2 /* GraphicString.cpp */,
				511C4E3A13454AF800D555E2 /* GraphicString.h */,
				511C4E3B13454AF800D555E2 /* StringFX.cpp */,
				511C4E3C13454AF800D555E2 /* StringFX.h */,
			);
			path = Text;
			sourceTree = "<group>";
		};
		511C4E3F13454AF800D555E2 /* Emitter */ = {
			isa = PBXGroup;
			children = (
				511C4E4013454AF800D555E2 /* Emitter.cpp */,
				511C4E4113454AF800D555E2 /* Emitter.h */,
				511C4E4213454AF800D555E2 /* IEmitter.cpp */,
				511C4E4313454AF800D555E2 /* IEmitter.h */,
				511C4E4413454AF800D555E2 /* ParticlePhase.cpp */,
				511C4E4513454AF800D555E2 /* ParticlePhase.h */,
				511C4E4613454AF800D555E2 /* ParticleState.h */,
				511C4E4713454AF800D555E2 /* SpriteEmitter.cpp */,
				511C4E4813454AF800D555E2 /* SpriteEmitter.h */,
			);
			path = Emitter;
			sourceTree = "<group>";
		};
		511C4E4A13454AF800D555E2 /* Helper */ = {
			isa = PBXGroup;
			children = (
				511C4E4B13454AF800D555E2 /* BitHelper.cpp */,
				511C4E4C13454AF800D555E2 /* BitHelper.h */,
				511C4E4D13454AF800D555E2 /* MathHelper.cpp */,
				511C4E4E13454AF800D555E2 /* MathHelper.h */,
				511C4E4F13454AF800D555E2 /* Parser.cpp */,
				511C4E5013454AF800D555E2 /* Parser.h */,
				511C4E5113454AF800D555E2 /* Random.cpp */,
				511C4E5213454AF800D555E2 /* Random.h */,
				511C4E5313454AF800D555E2 /* ResourcePathHandler.cpp */,
				511C4E5413454AF800D555E2 /* ResourcePathHandler.h */,
				511C4E5513454AF800D555E2 /* SpriteFactory.cpp */,
				511C4E5613454AF800D555E2 /* SpriteFactory.h */,
				511C4E5713454AF800D555E2 /* StringHelper.cpp */,
				511C4E5813454AF800D555E2 /* StringHelper.h */,
				511C4E5913454AF800D555E2 /* TimeHelper.cpp */,
				511C4E5A13454AF800D555E2 /* TimeHelper.h */,
				511C4E5B13454AF800D555E2 /* UTFConvert.cpp */,
				511C4E5C13454AF800D555E2 /* UTFConvert.h */,
			);
			path = Helper;
			sourceTree = "<group>";
		};
		511C4E6413454AF800D555E2 /* Physic */ = {
			isa = PBXGroup;
			children = (
				511C4E6513454AF800D555E2 /* Edge.cpp */,
				511C4E6613454AF800D555E2 /* Edge.h */,
				511C4E6713454AF800D555E2 /* GraphicBody.cpp */,
				511C4E6813454AF800D555E2 /* GraphicBody.h */,
				511C4E6913454AF800D555E2 /* Link.cpp */,
				511C4E6A13454AF800D555E2 /* Link.h */,
				511C4E6B13454AF800D555E2 /* LinkData.cpp */,
				511C4E6C13454AF800D555E2 /* LinkData.h */,
				511C4E6D13454AF800D555E2 /* RBString32.h */,
			);
			path = Physic;
			sourceTree = "<group>";
		};
		51BB79A9134B7CF500051A7D /* Input */ = {
			isa = PBXGroup;
			children = (
				51BB79AA134B7CF500051A7D /* Accelerometer */,
				51BB79B1134B7CF500051A7D /* GamePad */,
				51BB79BC134B7CF500051A7D /* InputDevice.cpp */,
				51BB79BD134B7CF500051A7D /* InputDevice.h */,
				51BB79BE134B7CF500051A7D /* InputManager.cpp */,
				51BB79BF134B7CF500051A7D /* InputManager.h */,
				51BB79C0134B7CF500051A7D /* InputSignalData.cpp */,
				51BB79C1134B7CF500051A7D /* InputSignalData.h */,
				51BB79C2134B7CF500051A7D /* InputState.cpp */,
				51BB79C3134B7CF500051A7D /* InputState.h */,
				51BB79C4134B7CF500051A7D /* Keyboard */,
				51BB79D0134B7CF500051A7D /* Pointer */,
			);
			path = Input;
			sourceTree = "<group>";
		};
		51BB79AA134B7CF500051A7D /* Accelerometer */ = {
			isa = PBXGroup;
			children = (
				51BB79AB134B7CF500051A7D /* Accelerometer.cpp */,
				51BB79AC134B7CF500051A7D /* Accelerometer.h */,
				51BB79AD134B7CF500051A7D /* AccelerometerSignalData.cpp */,
				51BB79AE134B7CF500051A7D /* AccelerometerSignalData.h */,
				51BB79AF134B7CF500051A7D /* AccelerometerState.cpp */,
				51BB79B0134B7CF500051A7D /* AccelerometerState.h */,
			);
			path = Accelerometer;
			sourceTree = "<group>";
		};
		51BB79B1134B7CF500051A7D /* GamePad */ = {
			isa = PBXGroup;
			children = (
				51BB79B2134B7CF500051A7D /* GamePad.cpp */,
				51BB79B3134B7CF500051A7D /* GamePad.h */,
				51BB79B4134B7CF500051A7D /* GamePadButtonSignalData.cpp */,
				51BB79B5134B7CF500051A7D /* GamePadButtonSignalData.h */,
				51BB79B6134B7CF500051A7D /* GamePadSignalData.cpp */,
				51BB79B7134B7CF500051A7D /* GamePadSignalData.h */,
				51BB79B8134B7CF500051A7D /* GamePadState.cpp */,
				51BB79B9134B7CF500051A7D /* GamePadState.h */,
				51BB79BA134B7CF500051A7D /* GamePadThumbstickSignalData.cpp */,
				51BB79BB134B7CF500051A7D /* GamePadThumbstickSignalData.h */,
			);
			path = GamePad;
			sourceTree = "<group>";
		};
		51BB79C4134B7CF500051A7D /* Keyboard */ = {
			isa = PBXGroup;
			children = (
				51BB79C5134B7CF500051A7D /* Key.h */,
				51BB79C6134B7CF500051A7D /* Keyboard.cpp */,
				51BB79C7134B7CF500051A7D /* Keyboard.h */,
				51BB79C8134B7CF500051A7D /* KeyboardSignalData.cpp */,
				51BB79C9134B7CF500051A7D /* KeyboardSignalData.h */,
				51BB79CA134B7CF500051A7D /* KeyboardState.cpp */,
				51BB79CB134B7CF500051A7D /* KeyboardState.h */,
				51BB79CC134B7CF500051A7D /* KeyMaskSignalData.cpp */,
				51BB79CD134B7CF500051A7D /* KeyMaskSignalData.h */,
				51BB79CE134B7CF500051A7D /* KeySignalData.cpp */,
				51BB79CF134B7CF500051A7D /* KeySignalData.h */,
			);
			path = Keyboard;
			sourceTree = "<group>";
		};
		51BB79D0134B7CF500051A7D /* Pointer */ = {
			isa = PBXGroup;
			children = (
				245EAF23134E6954002F0596 /* ios */,
				51BB79D1134B7CF500051A7D /* CursorState.cpp */,
				51BB79D2134B7CF500051A7D /* CursorState.h */,
				24CE4854134EC4E2000384A8 /* CursorButton.h */,
				51BB79D3134B7CF500051A7D /* Pointer.cpp */,
				51BB79D4134B7CF500051A7D /* Pointer.h */,
				51BB79D5134B7CF500051A7D /* PointerButtonSignalData.cpp */,
				51BB79D6134B7CF500051A7D /* PointerButtonSignalData.h */,
				51BB79D7134B7CF500051A7D /* PointerMoveSignalData.cpp */,
				51BB79D8134B7CF600051A7D /* PointerMoveSignalData.h */,
				51BB79D9134B7CF600051A7D /* PointerSignalData.cpp */,
				51BB79DA134B7CF600051A7D /* PointerSignalData.h */,
				51BB79DB134B7CF600051A7D /* PointerState.cpp */,
				51BB79DC134B7CF600051A7D /* PointerState.h */,
			);
			path = Pointer;
			sourceTree = "<group>";
		};
		51BB7A0C134B7CFE00051A7D /* SignalSlots */ = {
			isa = PBXGroup;
			children = (
				51BB7A0D134B7CFE00051A7D /* SignalAnalyzer.cpp */,
				51BB7A0E134B7CFE00051A7D /* SignalAnalyzer.h */,
				51BB7A0F134B7CFE00051A7D /* SignalAnalyzerManager.cpp */,
				51BB7A10134B7CFE00051A7D /* SignalAnalyzerManager.h */,
				51BB7A11134B7CFE00051A7D /* SignalData.cpp */,
				51BB7A12134B7CFE00051A7D /* SignalData.h */,
			);
			path = SignalSlots;
			sourceTree = "<group>";
		};
		7EF711F5132D35E900524FBB /* libraries */ = {
			isa = PBXGroup;
			children = (
				7EF711ED132D35C100524FBB /* libfreetype.a */,
				7EF711EE132D35C100524FBB /* libpng.a */,
				7EF711F0132D35C100524FBB /* libvorbisidec.a */,
				245EAF0F134E62CD002F0596 /* sigly.h */,
			);
			name = libraries;
			sourceTree = "<group>";
		};
/* End PBXGroup section */

/* Begin PBXHeadersBuildPhase section */
		5192774311D5B0F100C65B15 /* Headers */ = {
			isa = PBXHeadersBuildPhase;
			buildActionMask = 2147483647;
			files = (
				511C4EF313454AF800D555E2 /* RedBox.h in Headers */,
				245EAF10134E62CD002F0596 /* sigly.h in Headers */,
				511C4E7D13454AF800D555E2 /* AudioEngine.h in Headers */,
				511C4E7E13454AF800D555E2 /* AudioState.h in Headers */,
				511C4E8013454AF800D555E2 /* BackgroundMusic.h in Headers */,
				511C4E8213454AF800D555E2 /* MusicEngine.h in Headers */,
				511C4E8413454AF800D555E2 /* MusicInfo.h in Headers */,
				511C4E8613454AF800D555E2 /* RBAudioPlayerEngine.h in Headers */,
				511C4E8813454AF800D555E2 /* RBAudioPlayerMusic.h in Headers */,
				511C4E8913454AF800D555E2 /* RBAudioPlayerMusicDelegate.h in Headers */,
				511C4E8C13454AF800D555E2 /* MusicParameters.h in Headers */,
				511C4E8E13454AF800D555E2 /* OpenALEngine.h in Headers */,
				511C4E9013454AF800D555E2 /* OpenALSoundFX.h in Headers */,
				511C4E9113454AF800D555E2 /* WavHeader.h in Headers */,
				511C4E9313454AF800D555E2 /* Sound.h in Headers */,
				511C4E9513454AF800D555E2 /* SoundEngine.h in Headers */,
				511C4E9713454AF800D555E2 /* SoundFX.h in Headers */,
				511C4E9913454AF800D555E2 /* SoundInfo.h in Headers */,
				511C4E9B13454AF800D555E2 /* SoundParameters.h in Headers */,
				511C4E9C13454AF800D555E2 /* Debug.h in Headers */,
				511C4E9E13454AF800D555E2 /* AnimationParameters.h in Headers */,
				511C4EA013454AF800D555E2 /* Camera.h in Headers */,
				511C4EA113454AF800D555E2 /* ColorFormat.h in Headers */,
				511C4EA313454AF800D555E2 /* GraphicDriver.h in Headers */,
				511C4EA513454AF800D555E2 /* OpenGLDriver.h in Headers */,
				511C4EA713454AF800D555E2 /* PixMap.h in Headers */,
				511C4EA913454AF800D555E2 /* Renderable.h in Headers */,
				511C4EAB13454AF800D555E2 /* RenderInfo.h in Headers */,
				511C4EAD13454AF800D555E2 /* RenderStep.h in Headers */,
				511C4EAE13454AF800D555E2 /* RenderStepMode.h in Headers */,
				511C4EB013454AF800D555E2 /* Sprite.h in Headers */,
				511C4EB213454AF800D555E2 /* Font.h in Headers */,
				511C4EB413454AF800D555E2 /* FontImplementation.h in Headers */,
				511C4EB613454AF800D555E2 /* Glyph.h in Headers */,
				511C4EB813454AF800D555E2 /* GraphicString.h in Headers */,
				511C4EBA13454AF800D555E2 /* StringFX.h in Headers */,
				511C4EBC13454AF800D555E2 /* TextureInfo.h in Headers */,
				511C4EBE13454AF800D555E2 /* Emitter.h in Headers */,
				511C4EC013454AF800D555E2 /* IEmitter.h in Headers */,
				511C4EC213454AF800D555E2 /* ParticlePhase.h in Headers */,
				511C4EC313454AF800D555E2 /* ParticleState.h in Headers */,
				511C4EC513454AF800D555E2 /* SpriteEmitter.h in Headers */,
				511C4EC613454AF800D555E2 /* Factory.h in Headers */,
				511C4EC813454AF800D555E2 /* BitHelper.h in Headers */,
				511C4ECA13454AF800D555E2 /* MathHelper.h in Headers */,
				511C4ECC13454AF800D555E2 /* Parser.h in Headers */,
				511C4ECE13454AF800D555E2 /* Random.h in Headers */,
				511C4ED013454AF800D555E2 /* ResourcePathHandler.h in Headers */,
				511C4ED213454AF800D555E2 /* SpriteFactory.h in Headers */,
				511C4ED413454AF800D555E2 /* StringHelper.h in Headers */,
				511C4ED613454AF800D555E2 /* TimeHelper.h in Headers */,
				511C4ED813454AF800D555E2 /* UTFConvert.h in Headers */,
				511C4EDE13454AF800D555E2 /* Edge.h in Headers */,
				511C4EE013454AF800D555E2 /* GraphicBody.h in Headers */,
				511C4EE213454AF800D555E2 /* Link.h in Headers */,
				511C4EE413454AF800D555E2 /* LinkData.h in Headers */,
				511C4EE513454AF800D555E2 /* RBString32.h in Headers */,
				511C4EE613454AF800D555E2 /* PlatformFlagger.h in Headers */,
				511C4EE813454AF800D555E2 /* RedBoxEngine.h in Headers */,
				511C4EEA13454AF800D555E2 /* ResourceManager.h in Headers */,
				511C4EEC13454AF800D555E2 /* State.h in Headers */,
				511C4EEE13454AF800D555E2 /* Vec2.h in Headers */,
				511C4EF013454AF800D555E2 /* Vertex.h in Headers */,
				511C4EF213454AF800D555E2 /* VerticesGroup.h in Headers */,
				51BB79DE134B7CF600051A7D /* Accelerometer.h in Headers */,
				51BB79E0134B7CF600051A7D /* AccelerometerSignalData.h in Headers */,
				51BB79E2134B7CF600051A7D /* AccelerometerState.h in Headers */,
				51BB79E4134B7CF600051A7D /* GamePad.h in Headers */,
				51BB79E6134B7CF600051A7D /* GamePadButtonSignalData.h in Headers */,
				51BB79E8134B7CF600051A7D /* GamePadSignalData.h in Headers */,
				51BB79EA134B7CF600051A7D /* GamePadState.h in Headers */,
				51BB79EC134B7CF600051A7D /* GamePadThumbstickSignalData.h in Headers */,
				51BB79EE134B7CF600051A7D /* InputDevice.h in Headers */,
				51BB79F0134B7CF600051A7D /* InputManager.h in Headers */,
				51BB79F2134B7CF600051A7D /* InputSignalData.h in Headers */,
				51BB79F4134B7CF600051A7D /* InputState.h in Headers */,
				51BB79F5134B7CF600051A7D /* Key.h in Headers */,
				51BB79F7134B7CF600051A7D /* Keyboard.h in Headers */,
				51BB79F9134B7CF600051A7D /* KeyboardSignalData.h in Headers */,
				51BB79FB134B7CF600051A7D /* KeyboardState.h in Headers */,
				51BB79FD134B7CF600051A7D /* KeyMaskSignalData.h in Headers */,
				51BB79FF134B7CF600051A7D /* KeySignalData.h in Headers */,
				51BB7A01134B7CF600051A7D /* CursorState.h in Headers */,
				51BB7A03134B7CF600051A7D /* Pointer.h in Headers */,
				51BB7A05134B7CF600051A7D /* PointerButtonSignalData.h in Headers */,
				51BB7A07134B7CF600051A7D /* PointerMoveSignalData.h in Headers */,
				51BB7A09134B7CF600051A7D /* PointerSignalData.h in Headers */,
				51BB7A0B134B7CF600051A7D /* PointerState.h in Headers */,
				51BB7A14134B7CFE00051A7D /* SignalAnalyzer.h in Headers */,
				51BB7A16134B7CFE00051A7D /* SignalAnalyzerManager.h in Headers */,
				245EAF27134E6954002F0596 /* IOSPointer.h in Headers */,
				24CE4855134EC4E3000384A8 /* CursorButton.h in Headers */,
				51BB7A18134B7CFE00051A7D /* SignalData.h in Headers */,
			);
			runOnlyForDeploymentPostprocessing = 0;
		};
/* End PBXHeadersBuildPhase section */

/* Begin PBXNativeTarget section */
		5192774611D5B0F100C65B15 /* RedBox */ = {
			isa = PBXNativeTarget;
			buildConfigurationList = 5192776D11D5B13D00C65B15 /* Build configuration list for PBXNativeTarget "RedBox" */;
			buildPhases = (
				510395421336809A00B4B8C3 /* LibBuildTool */,
				5192774311D5B0F100C65B15 /* Headers */,
				5192774411D5B0F100C65B15 /* Sources */,
				5192774511D5B0F100C65B15 /* Frameworks */,
			);
			buildRules = (
			);
			dependencies = (
			);
			name = RedBox;
			productName = RedBox;
			productReference = 515EB50512FF34AA004FB469 /* libRedBox.a */;
			productType = "com.apple.product-type.library.static";
		};
/* End PBXNativeTarget section */

/* Begin PBXProject section */
		29B97313FDCFA39411CA2CEA /* Project object */ = {
			isa = PBXProject;
			buildConfigurationList = C01FCF4E08A954540054247B /* Build configuration list for PBXProject "RedBox" */;
			compatibilityVersion = "Xcode 3.1";
			developmentRegion = English;
			hasScannedForEncodings = 1;
			knownRegions = (
				English,
				Japanese,
				French,
				German,
			);
			mainGroup = 29B97314FDCFA39411CA2CEA /* CustomTemplate */;
			projectDirPath = "";
			projectRoot = "";
			targets = (
				5192774611D5B0F100C65B15 /* RedBox */,
			);
		};
/* End PBXProject section */

/* Begin PBXShellScriptBuildPhase section */
		510395421336809A00B4B8C3 /* LibBuildTool */ = {
			isa = PBXShellScriptBuildPhase;
			buildActionMask = 2147483647;
			files = (
			);
			inputPaths = (
			);
			name = LibBuildTool;
			outputPaths = (
			);
			runOnlyForDeploymentPostprocessing = 0;
			shellPath = "/bin/bash --login";
			shellScript = "\"${SRCROOT}/../../script/libbuildtool/iphone-lbt\"\n";
			showEnvVarsInLog = 0;
		};
/* End PBXShellScriptBuildPhase section */

/* Begin PBXSourcesBuildPhase section */
		5192774411D5B0F100C65B15 /* Sources */ = {
			isa = PBXSourcesBuildPhase;
			buildActionMask = 2147483647;
			files = (
				511C4E7C13454AF800D555E2 /* AudioEngine.cpp in Sources */,
				511C4E7F13454AF800D555E2 /* BackgroundMusic.cpp in Sources */,
				511C4E8113454AF800D555E2 /* MusicEngine.cpp in Sources */,
				511C4E8313454AF800D555E2 /* MusicInfo.cpp in Sources */,
				511C4E8513454AF800D555E2 /* RBAudioPlayerEngine.cpp in Sources */,
				511C4E8713454AF800D555E2 /* RBAudioPlayerMusic.cpp in Sources */,
				511C4E8A13454AF800D555E2 /* RBAudioPlayerMusicDelegate.m in Sources */,
				511C4E8B13454AF800D555E2 /* MusicParameters.cpp in Sources */,
				511C4E8D13454AF800D555E2 /* OpenALEngine.cpp in Sources */,
				511C4E8F13454AF800D555E2 /* OpenALSoundFX.cpp in Sources */,
				511C4E9213454AF800D555E2 /* Sound.cpp in Sources */,
				511C4E9413454AF800D555E2 /* SoundEngine.cpp in Sources */,
				511C4E9613454AF800D555E2 /* SoundFX.cpp in Sources */,
				511C4E9813454AF800D555E2 /* SoundInfo.cpp in Sources */,
				511C4E9A13454AF800D555E2 /* SoundParameters.cpp in Sources */,
				511C4E9D13454AF800D555E2 /* AnimationParameters.cpp in Sources */,
				511C4E9F13454AF800D555E2 /* Camera.cpp in Sources */,
				511C4EA213454AF800D555E2 /* GraphicDriver.cpp in Sources */,
				511C4EA413454AF800D555E2 /* OpenGLDriver.cpp in Sources */,
				511C4EA613454AF800D555E2 /* PixMap.cpp in Sources */,
				511C4EA813454AF800D555E2 /* Renderable.cpp in Sources */,
				511C4EAA13454AF800D555E2 /* RenderInfo.cpp in Sources */,
				511C4EAC13454AF800D555E2 /* RenderStep.cpp in Sources */,
				511C4EAF13454AF800D555E2 /* Sprite.cpp in Sources */,
				511C4EB113454AF800D555E2 /* Font.cpp in Sources */,
				511C4EB313454AF800D555E2 /* FontImplementation.cpp in Sources */,
				511C4EB513454AF800D555E2 /* Glyph.cpp in Sources */,
				511C4EB713454AF800D555E2 /* GraphicString.cpp in Sources */,
				511C4EB913454AF800D555E2 /* StringFX.cpp in Sources */,
				511C4EBB13454AF800D555E2 /* TextureInfo.cpp in Sources */,
				511C4EBD13454AF800D555E2 /* Emitter.cpp in Sources */,
				511C4EBF13454AF800D555E2 /* IEmitter.cpp in Sources */,
				511C4EC113454AF800D555E2 /* ParticlePhase.cpp in Sources */,
				511C4EC413454AF800D555E2 /* SpriteEmitter.cpp in Sources */,
				511C4EC713454AF800D555E2 /* BitHelper.cpp in Sources */,
				511C4EC913454AF800D555E2 /* MathHelper.cpp in Sources */,
				511C4ECB13454AF800D555E2 /* Parser.cpp in Sources */,
				511C4ECD13454AF800D555E2 /* Random.cpp in Sources */,
				511C4ECF13454AF800D555E2 /* ResourcePathHandler.cpp in Sources */,
				511C4ED113454AF800D555E2 /* SpriteFactory.cpp in Sources */,
				511C4ED313454AF800D555E2 /* StringHelper.cpp in Sources */,
				511C4ED513454AF800D555E2 /* TimeHelper.cpp in Sources */,
				511C4ED713454AF800D555E2 /* UTFConvert.cpp in Sources */,
				511C4EDD13454AF800D555E2 /* Edge.cpp in Sources */,
				511C4EDF13454AF800D555E2 /* GraphicBody.cpp in Sources */,
				511C4EE113454AF800D555E2 /* Link.cpp in Sources */,
				511C4EE313454AF800D555E2 /* LinkData.cpp in Sources */,
				511C4EE713454AF800D555E2 /* RedBoxEngine.cpp in Sources */,
				511C4EE913454AF800D555E2 /* ResourceManager.cpp in Sources */,
				511C4EEB13454AF800D555E2 /* State.cpp in Sources */,
				511C4EED13454AF800D555E2 /* Vec2.cpp in Sources */,
				511C4EEF13454AF800D555E2 /* Vertex.cpp in Sources */,
				511C4EF113454AF800D555E2 /* VerticesGroup.cpp in Sources */,
				51BB79DD134B7CF600051A7D /* Accelerometer.cpp in Sources */,
				51BB79DF134B7CF600051A7D /* AccelerometerSignalData.cpp in Sources */,
				51BB79E1134B7CF600051A7D /* AccelerometerState.cpp in Sources */,
				51BB79E3134B7CF600051A7D /* GamePad.cpp in Sources */,
				51BB79E5134B7CF600051A7D /* GamePadButtonSignalData.cpp in Sources */,
				51BB79E7134B7CF600051A7D /* GamePadSignalData.cpp in Sources */,
				51BB79E9134B7CF600051A7D /* GamePadState.cpp in Sources */,
				51BB79EB134B7CF600051A7D /* GamePadThumbstickSignalData.cpp in Sources */,
				51BB79ED134B7CF600051A7D /* InputDevice.cpp in Sources */,
				51BB79EF134B7CF600051A7D /* InputManager.cpp in Sources */,
				51BB79F1134B7CF600051A7D /* InputSignalData.cpp in Sources */,
				51BB79F3134B7CF600051A7D /* InputState.cpp in Sources */,
				51BB79F6134B7CF600051A7D /* Keyboard.cpp in Sources */,
				51BB79F8134B7CF600051A7D /* KeyboardSignalData.cpp in Sources */,
				51BB79FA134B7CF600051A7D /* KeyboardState.cpp in Sources */,
				51BB79FC134B7CF600051A7D /* KeyMaskSignalData.cpp in Sources */,
				51BB79FE134B7CF600051A7D /* KeySignalData.cpp in Sources */,
				51BB7A00134B7CF600051A7D /* CursorState.cpp in Sources */,
				51BB7A02134B7CF600051A7D /* Pointer.cpp in Sources */,
				51BB7A04134B7CF600051A7D /* PointerButtonSignalData.cpp in Sources */,
				51BB7A06134B7CF600051A7D /* PointerMoveSignalData.cpp in Sources */,
				51BB7A08134B7CF600051A7D /* PointerSignalData.cpp in Sources */,
				51BB7A0A134B7CF600051A7D /* PointerState.cpp in Sources */,
				51BB7A13134B7CFE00051A7D /* SignalAnalyzer.cpp in Sources */,
				51BB7A15134B7CFE00051A7D /* SignalAnalyzerManager.cpp in Sources */,
				51BB7A17134B7CFE00051A7D /* SignalData.cpp in Sources */,
				245EAF26134E6954002F0596 /* IOSPointer.cpp in Sources */,
			);
			runOnlyForDeploymentPostprocessing = 0;
		};
/* End PBXSourcesBuildPhase section */

/* Begin XCBuildConfiguration section */
		5192774811D5B0F100C65B15 /* Debug */ = {
			isa = XCBuildConfiguration;
			buildSettings = {
				ALWAYS_SEARCH_USER_PATHS = NO;
				COPY_PHASE_STRIP = NO;
				GCC_DYNAMIC_NO_PIC = NO;
				GCC_OPTIMIZATION_LEVEL = 0;
				HEADER_SEARCH_PATHS = "\"$(SRCROOT)/../../libraries/ios/universal/include\"";
				LIBRARY_SEARCH_PATHS = "\"$(SRCROOT)/../../libraries/ios/universal/lib\"";
				PREBINDING = NO;
				PRIVATE_HEADERS_FOLDER_PATH = /include/RedBox;
				PRODUCT_NAME = RedBox;
				PUBLIC_HEADERS_FOLDER_PATH = /include;
			};
			name = Debug;
		};
		5192774911D5B0F100C65B15 /* Release */ = {
			isa = XCBuildConfiguration;
			buildSettings = {
				ALWAYS_SEARCH_USER_PATHS = NO;
				COPY_PHASE_STRIP = YES;
				DEBUG_INFORMATION_FORMAT = "dwarf-with-dsym";
				GCC_ENABLE_FIX_AND_CONTINUE = NO;
				GCC_OPTIMIZATION_LEVEL = s;
				HEADER_SEARCH_PATHS = "\"$(SRCROOT)/../../libraries/ios/universal/include\"";
				LIBRARY_SEARCH_PATHS = "\"$(SRCROOT)/../../libraries/ios/universal/lib\"";
				PREBINDING = NO;
				PRIVATE_HEADERS_FOLDER_PATH = /include/RedBox;
				PRODUCT_NAME = RedBox;
				PUBLIC_HEADERS_FOLDER_PATH = /include;
				ZERO_LINK = NO;
			};
			name = Release;
		};
		C01FCF4F08A954540054247B /* Debug */ = {
			isa = XCBuildConfiguration;
			buildSettings = {
				ARCHS = "$(ARCHS_STANDARD_32_BIT)";
				"CODE_SIGN_IDENTITY[sdk=iphoneos*]" = "iPhone Developer";
				COMPRESS_PNG_FILES = NO;
				GCC_C_LANGUAGE_STANDARD = c99;
				GCC_INPUT_FILETYPE = sourcecode.cpp.objcpp;
				GCC_OPTIMIZATION_LEVEL = s;
				GCC_PRECOMPILE_PREFIX_HEADER = YES;
				GCC_PREPROCESSOR_DEFINITIONS = DEBUG;
				GCC_VERSION = com.apple.compilers.llvm.clang.1_0;
				GCC_WARN_ABOUT_RETURN_TYPE = YES;
				GCC_WARN_UNUSED_VARIABLE = YES;
				HEADER_SEARCH_PATHS = "../../libraries/build/include/**";
				IPHONEOS_DEPLOYMENT_TARGET = 3.0;
				PREBINDING = NO;
				"PROVISIONING_PROFILE[sdk=iphoneos*]" = "";
				SDKROOT = iphoneos;
			};
			name = Debug;
		};
		C01FCF5008A954540054247B /* Release */ = {
			isa = XCBuildConfiguration;
			buildSettings = {
				ARCHS = "$(ARCHS_STANDARD_32_BIT)";
				"CODE_SIGN_IDENTITY[sdk=iphoneos*]" = "iPhone Developer";
				COMPRESS_PNG_FILES = NO;
				GCC_C_LANGUAGE_STANDARD = c99;
				GCC_INPUT_FILETYPE = sourcecode.cpp.objcpp;
				GCC_OPTIMIZATION_LEVEL = s;
				GCC_VERSION = com.apple.compilers.llvm.clang.1_0;
				GCC_WARN_ABOUT_RETURN_TYPE = YES;
				GCC_WARN_UNUSED_VARIABLE = YES;
				HEADER_SEARCH_PATHS = "../../libraries/build/include/**";
				INFOPLIST_EXPAND_BUILD_SETTINGS = NO;
				PREBINDING = NO;
				"PROVISIONING_PROFILE[sdk=iphoneos*]" = "";
				SDKROOT = iphoneos;
			};
			name = Release;
		};
/* End XCBuildConfiguration section */

/* Begin XCConfigurationList section */
		5192776D11D5B13D00C65B15 /* Build configuration list for PBXNativeTarget "RedBox" */ = {
			isa = XCConfigurationList;
			buildConfigurations = (
				5192774811D5B0F100C65B15 /* Debug */,
				5192774911D5B0F100C65B15 /* Release */,
			);
			defaultConfigurationIsVisible = 0;
			defaultConfigurationName = Release;
		};
		C01FCF4E08A954540054247B /* Build configuration list for PBXProject "RedBox" */ = {
			isa = XCConfigurationList;
			buildConfigurations = (
				C01FCF4F08A954540054247B /* Debug */,
				C01FCF5008A954540054247B /* Release */,
			);
			defaultConfigurationIsVisible = 0;
			defaultConfigurationName = Release;
		};
/* End XCConfigurationList section */
	};
	rootObject = 29B97313FDCFA39411CA2CEA /* Project object */;
}
